// !$*UTF8*$!
{
	archiveVersion = 1;
	classes = {
	};
	objectVersion = 51;
	objects = {

/* Begin PBXBuildFile section */
		2A68C6B027C7C949000EA47F /* AppDelegate.m in Sources */ = {isa = PBXBuildFile; fileRef = 2A68C6AF27C7C949000EA47F /* AppDelegate.m */; };
		2A68C6B327C7C949000EA47F /* SceneDelegate.m in Sources */ = {isa = PBXBuildFile; fileRef = 2A68C6B227C7C949000EA47F /* SceneDelegate.m */; };
		2A68C6B627C7C949000EA47F /* ViewController.m in Sources */ = {isa = PBXBuildFile; fileRef = 2A68C6B527C7C949000EA47F /* ViewController.m */; };
		2A68C6B927C7C949000EA47F /* Main.storyboard in Resources */ = {isa = PBXBuildFile; fileRef = 2A68C6B727C7C949000EA47F /* Main.storyboard */; };
		2A68C6BB27C7C94A000EA47F /* Assets.xcassets in Resources */ = {isa = PBXBuildFile; fileRef = 2A68C6BA27C7C94A000EA47F /* Assets.xcassets */; };
		2A68C6BE27C7C94A000EA47F /* LaunchScreen.storyboard in Resources */ = {isa = PBXBuildFile; fileRef = 2A68C6BC27C7C94A000EA47F /* LaunchScreen.storyboard */; };
		2A68C6C127C7C94A000EA47F /* main.m in Sources */ = {isa = PBXBuildFile; fileRef = 2A68C6C027C7C94A000EA47F /* main.m */; };
		2A68C6D127C7C984000EA47F /* SubPerson.m in Sources */ = {isa = PBXBuildFile; fileRef = 2A68C6C827C7C984000EA47F /* SubPerson.m */; };
		2A68C6D227C7C984000EA47F /* Father.m in Sources */ = {isa = PBXBuildFile; fileRef = 2A68C6CA27C7C984000EA47F /* Father.m */; };
		2A68C6D327C7C984000EA47F /* Person.m in Sources */ = {isa = PBXBuildFile; fileRef = 2A68C6CD27C7C984000EA47F /* Person.m */; };
		2A68C6D427C7C985000EA47F /* Person+A.m in Sources */ = {isa = PBXBuildFile; fileRef = 2A68C6CE27C7C984000EA47F /* Person+A.m */; };
		2A68C6D527C7C985000EA47F /* Person+B.m in Sources */ = {isa = PBXBuildFile; fileRef = 2A68C6D027C7C984000EA47F /* Person+B.m */; };
		2A68C6D927C7C9C5000EA47F /* MoveClickButton.m in Sources */ = {isa = PBXBuildFile; fileRef = 2A68C6D727C7C9C5000EA47F /* MoveClickButton.m */; };
		2A83376526F73FB3007C5828 /* SDTabBarVCDelegate.m in Sources */ = {isa = PBXBuildFile; fileRef = 2A83376426F73FB3007C5828 /* SDTabBarVCDelegate.m */; };
		2ACE0B158418D9A08A95C0D5 /* Pods_RAC_Play.framework in Frameworks */ = {isa = PBXBuildFile; fileRef = 2FDD04166E52281981742FDE /* Pods_RAC_Play.framework */; };
		2AF9164127C3E3F400C31734 /* YYFPSLabel.m in Sources */ = {isa = PBXBuildFile; fileRef = 2AF9164027C3E3F400C31734 /* YYFPSLabel.m */; };
		2AF9164427C3E48F00C31734 /* YYWeakProxy.m in Sources */ = {isa = PBXBuildFile; fileRef = 2AF9164227C3E48F00C31734 /* YYWeakProxy.m */; };
		2AF9164727C3E9F500C31734 /* ChatTextCell.m in Sources */ = {isa = PBXBuildFile; fileRef = 2AF9164627C3E9F500C31734 /* ChatTextCell.m */; };
		77534D4B2783F3DD007DAC63 /* AppDelegate.m in Sources */ = {isa = PBXBuildFile; fileRef = 77534D4A2783F3DD007DAC63 /* AppDelegate.m */; };
		77534D4E2783F3DD007DAC63 /* SceneDelegate.m in Sources */ = {isa = PBXBuildFile; fileRef = 77534D4D2783F3DD007DAC63 /* SceneDelegate.m */; };
		77534D512783F3DD007DAC63 /* ViewController.m in Sources */ = {isa = PBXBuildFile; fileRef = 77534D502783F3DD007DAC63 /* ViewController.m */; };
		77534D542783F3DD007DAC63 /* Main.storyboard in Resources */ = {isa = PBXBuildFile; fileRef = 77534D522783F3DD007DAC63 /* Main.storyboard */; };
		77534D562783F3DF007DAC63 /* Assets.xcassets in Resources */ = {isa = PBXBuildFile; fileRef = 77534D552783F3DF007DAC63 /* Assets.xcassets */; };
		77534D592783F3DF007DAC63 /* LaunchScreen.storyboard in Resources */ = {isa = PBXBuildFile; fileRef = 77534D572783F3DF007DAC63 /* LaunchScreen.storyboard */; };
		77534D5C2783F3DF007DAC63 /* main.m in Sources */ = {isa = PBXBuildFile; fileRef = 77534D5B2783F3DF007DAC63 /* main.m */; };
		77534D6C2787EE61007DAC63 /* TestView.m in Sources */ = {isa = PBXBuildFile; fileRef = 77534D6B2787EE61007DAC63 /* TestView.m */; };
		7761F7D7267C37BC00066CFF /* SDPagerController.m in Sources */ = {isa = PBXBuildFile; fileRef = 7761F7CF267C37BC00066CFF /* SDPagerController.m */; };
		7761F7D8267C37BC00066CFF /* RRWebViewController.m in Sources */ = {isa = PBXBuildFile; fileRef = 7761F7D2267C37BC00066CFF /* RRWebViewController.m */; };
		7761F7D9267C37BC00066CFF /* RRTestViewController.m in Sources */ = {isa = PBXBuildFile; fileRef = 7761F7D3267C37BC00066CFF /* RRTestViewController.m */; };
		7761F7DA267C37BC00066CFF /* RRNewWebViewController.m in Sources */ = {isa = PBXBuildFile; fileRef = 7761F7D4267C37BC00066CFF /* RRNewWebViewController.m */; };
		7761F7E2267C37D500066CFF /* CustomViewController.m in Sources */ = {isa = PBXBuildFile; fileRef = 7761F7DC267C37D500066CFF /* CustomViewController.m */; };
		7761F7E3267C37D500066CFF /* ListViewController.m in Sources */ = {isa = PBXBuildFile; fileRef = 7761F7DD267C37D500066CFF /* ListViewController.m */; };
		7761F7E4267C37D500066CFF /* CollectionViewController.m in Sources */ = {isa = PBXBuildFile; fileRef = 7761F7E1267C37D500066CFF /* CollectionViewController.m */; };
		7761F7E7267C380600066CFF /* SDSideViewController.m in Sources */ = {isa = PBXBuildFile; fileRef = 7761F7E6267C380600066CFF /* SDSideViewController.m */; };
		7761F7EA267C38E200066CFF /* MenuViewController.m in Sources */ = {isa = PBXBuildFile; fileRef = 7761F7E8267C38E200066CFF /* MenuViewController.m */; };
		776E83182655135600A3CE78 /* AppDelegate.m in Sources */ = {isa = PBXBuildFile; fileRef = 776E83172655135600A3CE78 /* AppDelegate.m */; };
		776E83212655135600A3CE78 /* Main.storyboard in Resources */ = {isa = PBXBuildFile; fileRef = 776E831F2655135600A3CE78 /* Main.storyboard */; };
		776E83232655135800A3CE78 /* Assets.xcassets in Resources */ = {isa = PBXBuildFile; fileRef = 776E83222655135800A3CE78 /* Assets.xcassets */; };
		776E83262655135800A3CE78 /* LaunchScreen.storyboard in Resources */ = {isa = PBXBuildFile; fileRef = 776E83242655135800A3CE78 /* LaunchScreen.storyboard */; };
		776E83292655135800A3CE78 /* main.m in Sources */ = {isa = PBXBuildFile; fileRef = 776E83282655135800A3CE78 /* main.m */; };
		776E835E2655150700A3CE78 /* RRSlidableProgressView.m in Sources */ = {isa = PBXBuildFile; fileRef = 776E835D2655150700A3CE78 /* RRSlidableProgressView.m */; };
		776E836F265519A400A3CE78 /* SDTabBarController.m in Sources */ = {isa = PBXBuildFile; fileRef = 776E836E265519A400A3CE78 /* SDTabBarController.m */; };
		776E837526551E3500A3CE78 /* SDNavigationController.m in Sources */ = {isa = PBXBuildFile; fileRef = 776E837426551E3500A3CE78 /* SDNavigationController.m */; };
		7776F81B2754C77C00E3DF13 /* SDSettingViewController.m in Sources */ = {isa = PBXBuildFile; fileRef = 7776F81A2754C77C00E3DF13 /* SDSettingViewController.m */; };
		77C728E226FDE6950072322D /* SDAlertViewController.m in Sources */ = {isa = PBXBuildFile; fileRef = 77C728E026FDE6950072322D /* SDAlertViewController.m */; };
		77C728E326FDE6950072322D /* SDAlertViewController.xib in Resources */ = {isa = PBXBuildFile; fileRef = 77C728E126FDE6950072322D /* SDAlertViewController.xib */; };
		77DFF81527BBAEC000C1E60E /* AppDelegate.m in Sources */ = {isa = PBXBuildFile; fileRef = 77DFF81427BBAEC000C1E60E /* AppDelegate.m */; };
		77DFF81827BBAEC000C1E60E /* SceneDelegate.m in Sources */ = {isa = PBXBuildFile; fileRef = 77DFF81727BBAEC000C1E60E /* SceneDelegate.m */; };
		77DFF81B27BBAEC000C1E60E /* CodeTestViewController.m in Sources */ = {isa = PBXBuildFile; fileRef = 77DFF81A27BBAEC000C1E60E /* CodeTestViewController.m */; };
		77DFF81E27BBAEC000C1E60E /* Main.storyboard in Resources */ = {isa = PBXBuildFile; fileRef = 77DFF81C27BBAEC000C1E60E /* Main.storyboard */; };
		77DFF82027BBAEC300C1E60E /* Assets.xcassets in Resources */ = {isa = PBXBuildFile; fileRef = 77DFF81F27BBAEC300C1E60E /* Assets.xcassets */; };
		77DFF82327BBAEC300C1E60E /* LaunchScreen.storyboard in Resources */ = {isa = PBXBuildFile; fileRef = 77DFF82127BBAEC300C1E60E /* LaunchScreen.storyboard */; };
		77DFF82627BBAEC300C1E60E /* main.m in Sources */ = {isa = PBXBuildFile; fileRef = 77DFF82527BBAEC300C1E60E /* main.m */; };
		77DFF85B27BDEC5200C1E60E /* AppDelegate.swift in Sources */ = {isa = PBXBuildFile; fileRef = 77DFF85A27BDEC5200C1E60E /* AppDelegate.swift */; };
		77DFF85D27BDEC5200C1E60E /* SceneDelegate.swift in Sources */ = {isa = PBXBuildFile; fileRef = 77DFF85C27BDEC5200C1E60E /* SceneDelegate.swift */; };
		77DFF85F27BDEC5200C1E60E /* ViewController.swift in Sources */ = {isa = PBXBuildFile; fileRef = 77DFF85E27BDEC5200C1E60E /* ViewController.swift */; };
		77DFF86227BDEC5200C1E60E /* Main.storyboard in Resources */ = {isa = PBXBuildFile; fileRef = 77DFF86027BDEC5200C1E60E /* Main.storyboard */; };
		77DFF86427BDEC5500C1E60E /* Assets.xcassets in Resources */ = {isa = PBXBuildFile; fileRef = 77DFF86327BDEC5500C1E60E /* Assets.xcassets */; };
		77DFF86727BDEC5500C1E60E /* LaunchScreen.storyboard in Resources */ = {isa = PBXBuildFile; fileRef = 77DFF86527BDEC5500C1E60E /* LaunchScreen.storyboard */; };
		77DFF86E27C37E5C00C1E60E /* ChatTableViewController.m in Sources */ = {isa = PBXBuildFile; fileRef = 77DFF86D27C37E5C00C1E60E /* ChatTableViewController.m */; };
		77DFF87227C37FCA00C1E60E /* ChatBaseTableViewCell.m in Sources */ = {isa = PBXBuildFile; fileRef = 77DFF87027C37FCA00C1E60E /* ChatBaseTableViewCell.m */; };
		77DFF87327C37FCA00C1E60E /* ChatBaseTableViewCell.xib in Resources */ = {isa = PBXBuildFile; fileRef = 77DFF87127C37FCA00C1E60E /* ChatBaseTableViewCell.xib */; };
		77DFF87827C3ABF900C1E60E /* ChatBaseCell.m in Sources */ = {isa = PBXBuildFile; fileRef = 77DFF87727C3ABF900C1E60E /* ChatBaseCell.m */; };
		77F47E3126F4497000FF1359 /* SDPushViewController.m in Sources */ = {isa = PBXBuildFile; fileRef = 77F47E2F26F4497000FF1359 /* SDPushViewController.m */; };
		77F47E3226F4497000FF1359 /* SDPushViewController.xib in Resources */ = {isa = PBXBuildFile; fileRef = 77F47E3026F4497000FF1359 /* SDPushViewController.xib */; };
		77F47E3626F44A0D00FF1359 /* SDPopViewController.m in Sources */ = {isa = PBXBuildFile; fileRef = 77F47E3426F44A0D00FF1359 /* SDPopViewController.m */; };
		77F47E3726F44A0D00FF1359 /* SDPopViewController.xib in Resources */ = {isa = PBXBuildFile; fileRef = 77F47E3526F44A0D00FF1359 /* SDPopViewController.xib */; };
		77F47E3B26F58B8C00FF1359 /* SDSlideAnimationController.m in Sources */ = {isa = PBXBuildFile; fileRef = 77F47E3A26F58B8C00FF1359 /* SDSlideAnimationController.m */; };
		77F47E3E26F58C6800FF1359 /* SDNavigationDelegate.m in Sources */ = {isa = PBXBuildFile; fileRef = 77F47E3D26F58C6800FF1359 /* SDNavigationDelegate.m */; };
		77F47E4126F5BA1100FF1359 /* SDCardAnimationController.m in Sources */ = {isa = PBXBuildFile; fileRef = 77F47E4026F5BA1100FF1359 /* SDCardAnimationController.m */; };
		77F47E4426F5C9C800FF1359 /* SDOverlayAnimationController.m in Sources */ = {isa = PBXBuildFile; fileRef = 77F47E4326F5C9C800FF1359 /* SDOverlayAnimationController.m */; };
		77F47E4826F5D80200FF1359 /* SDPresentingViewController.m in Sources */ = {isa = PBXBuildFile; fileRef = 77F47E4626F5D80200FF1359 /* SDPresentingViewController.m */; };
		77F47E4926F5D80200FF1359 /* SDPresentingViewController.xib in Resources */ = {isa = PBXBuildFile; fileRef = 77F47E4726F5D80200FF1359 /* SDPresentingViewController.xib */; };
		77F47E4D26F5D81200FF1359 /* SDPresentedViewController.m in Sources */ = {isa = PBXBuildFile; fileRef = 77F47E4B26F5D81200FF1359 /* SDPresentedViewController.m */; };
		77F47E4E26F5D81200FF1359 /* SDPresentedViewController.xib in Resources */ = {isa = PBXBuildFile; fileRef = 77F47E4C26F5D81200FF1359 /* SDPresentedViewController.xib */; };
		77F47E5126F5D94900FF1359 /* SDModalTransitionDelegate.m in Sources */ = {isa = PBXBuildFile; fileRef = 77F47E5026F5D94900FF1359 /* SDModalTransitionDelegate.m */; };
		77F47E5426F5F48600FF1359 /* SDOverlyPresentionController.m in Sources */ = {isa = PBXBuildFile; fileRef = 77F47E5326F5F48600FF1359 /* SDOverlyPresentionController.m */; };
		7C9945EEAE41CC94770F0239 /* Pods_CodeTest.framework in Frameworks */ = {isa = PBXBuildFile; fileRef = 331A98BE205D1607A75A33CF /* Pods_CodeTest.framework */; };
		D3FBA7155F7D8D39AA380E43 /* Pods_SDPlayground.framework in Frameworks */ = {isa = PBXBuildFile; fileRef = B0AD54D458CE408A9BC8173D /* Pods_SDPlayground.framework */; };
/* End PBXBuildFile section */

/* Begin PBXFileReference section */
		152B8E566FC49531A03B21D1 /* Pods-SDPlayground.debug.xcconfig */ = {isa = PBXFileReference; includeInIndex = 1; lastKnownFileType = text.xcconfig; name = "Pods-SDPlayground.debug.xcconfig"; path = "Target Support Files/Pods-SDPlayground/Pods-SDPlayground.debug.xcconfig"; sourceTree = "<group>"; };
		2A68C6AC27C7C949000EA47F /* Code_Interview.app */ = {isa = PBXFileReference; explicitFileType = wrapper.application; includeInIndex = 0; path = Code_Interview.app; sourceTree = BUILT_PRODUCTS_DIR; };
		2A68C6AE27C7C949000EA47F /* AppDelegate.h */ = {isa = PBXFileReference; lastKnownFileType = sourcecode.c.h; path = AppDelegate.h; sourceTree = "<group>"; };
		2A68C6AF27C7C949000EA47F /* AppDelegate.m */ = {isa = PBXFileReference; lastKnownFileType = sourcecode.c.objc; path = AppDelegate.m; sourceTree = "<group>"; };
		2A68C6B127C7C949000EA47F /* SceneDelegate.h */ = {isa = PBXFileReference; lastKnownFileType = sourcecode.c.h; path = SceneDelegate.h; sourceTree = "<group>"; };
		2A68C6B227C7C949000EA47F /* SceneDelegate.m */ = {isa = PBXFileReference; lastKnownFileType = sourcecode.c.objc; path = SceneDelegate.m; sourceTree = "<group>"; };
		2A68C6B427C7C949000EA47F /* ViewController.h */ = {isa = PBXFileReference; lastKnownFileType = sourcecode.c.h; path = ViewController.h; sourceTree = "<group>"; };
		2A68C6B527C7C949000EA47F /* ViewController.m */ = {isa = PBXFileReference; lastKnownFileType = sourcecode.c.objc; path = ViewController.m; sourceTree = "<group>"; };
		2A68C6B827C7C949000EA47F /* Base */ = {isa = PBXFileReference; lastKnownFileType = file.storyboard; name = Base; path = Base.lproj/Main.storyboard; sourceTree = "<group>"; };
		2A68C6BA27C7C94A000EA47F /* Assets.xcassets */ = {isa = PBXFileReference; lastKnownFileType = folder.assetcatalog; path = Assets.xcassets; sourceTree = "<group>"; };
		2A68C6BD27C7C94A000EA47F /* Base */ = {isa = PBXFileReference; lastKnownFileType = file.storyboard; name = Base; path = Base.lproj/LaunchScreen.storyboard; sourceTree = "<group>"; };
		2A68C6BF27C7C94A000EA47F /* Info.plist */ = {isa = PBXFileReference; lastKnownFileType = text.plist.xml; path = Info.plist; sourceTree = "<group>"; };
		2A68C6C027C7C94A000EA47F /* main.m */ = {isa = PBXFileReference; lastKnownFileType = sourcecode.c.objc; path = main.m; sourceTree = "<group>"; };
		2A68C6C727C7C984000EA47F /* Person.h */ = {isa = PBXFileReference; fileEncoding = 4; lastKnownFileType = sourcecode.c.h; path = Person.h; sourceTree = "<group>"; };
		2A68C6C827C7C984000EA47F /* SubPerson.m */ = {isa = PBXFileReference; fileEncoding = 4; lastKnownFileType = sourcecode.c.objc; path = SubPerson.m; sourceTree = "<group>"; };
		2A68C6C927C7C984000EA47F /* Person+A.h */ = {isa = PBXFileReference; fileEncoding = 4; lastKnownFileType = sourcecode.c.h; path = "Person+A.h"; sourceTree = "<group>"; };
		2A68C6CA27C7C984000EA47F /* Father.m */ = {isa = PBXFileReference; fileEncoding = 4; lastKnownFileType = sourcecode.c.objc; path = Father.m; sourceTree = "<group>"; };
		2A68C6CB27C7C984000EA47F /* Person+B.h */ = {isa = PBXFileReference; fileEncoding = 4; lastKnownFileType = sourcecode.c.h; path = "Person+B.h"; sourceTree = "<group>"; };
		2A68C6CC27C7C984000EA47F /* SubPerson.h */ = {isa = PBXFileReference; fileEncoding = 4; lastKnownFileType = sourcecode.c.h; path = SubPerson.h; sourceTree = "<group>"; };
		2A68C6CD27C7C984000EA47F /* Person.m */ = {isa = PBXFileReference; fileEncoding = 4; lastKnownFileType = sourcecode.c.objc; path = Person.m; sourceTree = "<group>"; };
		2A68C6CE27C7C984000EA47F /* Person+A.m */ = {isa = PBXFileReference; fileEncoding = 4; lastKnownFileType = sourcecode.c.objc; path = "Person+A.m"; sourceTree = "<group>"; };
		2A68C6CF27C7C984000EA47F /* Father.h */ = {isa = PBXFileReference; fileEncoding = 4; lastKnownFileType = sourcecode.c.h; path = Father.h; sourceTree = "<group>"; };
		2A68C6D027C7C984000EA47F /* Person+B.m */ = {isa = PBXFileReference; fileEncoding = 4; lastKnownFileType = sourcecode.c.objc; path = "Person+B.m"; sourceTree = "<group>"; };
		2A68C6D727C7C9C5000EA47F /* MoveClickButton.m */ = {isa = PBXFileReference; fileEncoding = 4; lastKnownFileType = sourcecode.c.objc; path = MoveClickButton.m; sourceTree = "<group>"; };
		2A68C6D827C7C9C5000EA47F /* MoveClickButton.h */ = {isa = PBXFileReference; fileEncoding = 4; lastKnownFileType = sourcecode.c.h; path = MoveClickButton.h; sourceTree = "<group>"; };
		2A83376326F73FB3007C5828 /* SDTabBarVCDelegate.h */ = {isa = PBXFileReference; lastKnownFileType = sourcecode.c.h; path = SDTabBarVCDelegate.h; sourceTree = "<group>"; };
		2A83376426F73FB3007C5828 /* SDTabBarVCDelegate.m */ = {isa = PBXFileReference; lastKnownFileType = sourcecode.c.objc; path = SDTabBarVCDelegate.m; sourceTree = "<group>"; };
		2AF9163F27C3E3F400C31734 /* YYFPSLabel.h */ = {isa = PBXFileReference; fileEncoding = 4; lastKnownFileType = sourcecode.c.h; path = YYFPSLabel.h; sourceTree = "<group>"; };
		2AF9164027C3E3F400C31734 /* YYFPSLabel.m */ = {isa = PBXFileReference; fileEncoding = 4; lastKnownFileType = sourcecode.c.objc; path = YYFPSLabel.m; sourceTree = "<group>"; };
		2AF9164227C3E48F00C31734 /* YYWeakProxy.m */ = {isa = PBXFileReference; fileEncoding = 4; lastKnownFileType = sourcecode.c.objc; path = YYWeakProxy.m; sourceTree = "<group>"; };
		2AF9164327C3E48F00C31734 /* YYWeakProxy.h */ = {isa = PBXFileReference; fileEncoding = 4; lastKnownFileType = sourcecode.c.h; path = YYWeakProxy.h; sourceTree = "<group>"; };
		2AF9164527C3E9F500C31734 /* ChatTextCell.h */ = {isa = PBXFileReference; lastKnownFileType = sourcecode.c.h; path = ChatTextCell.h; sourceTree = "<group>"; };
		2AF9164627C3E9F500C31734 /* ChatTextCell.m */ = {isa = PBXFileReference; lastKnownFileType = sourcecode.c.objc; path = ChatTextCell.m; sourceTree = "<group>"; };
		2E5336FA597F17073BD773E3 /* Pods-CodeTest.release.xcconfig */ = {isa = PBXFileReference; includeInIndex = 1; lastKnownFileType = text.xcconfig; name = "Pods-CodeTest.release.xcconfig"; path = "Target Support Files/Pods-CodeTest/Pods-CodeTest.release.xcconfig"; sourceTree = "<group>"; };
		2FDD04166E52281981742FDE /* Pods_RAC_Play.framework */ = {isa = PBXFileReference; explicitFileType = wrapper.framework; includeInIndex = 0; path = Pods_RAC_Play.framework; sourceTree = BUILT_PRODUCTS_DIR; };
		331A98BE205D1607A75A33CF /* Pods_CodeTest.framework */ = {isa = PBXFileReference; explicitFileType = wrapper.framework; includeInIndex = 0; path = Pods_CodeTest.framework; sourceTree = BUILT_PRODUCTS_DIR; };
		77534D472783F3DD007DAC63 /* RAC_Play.app */ = {isa = PBXFileReference; explicitFileType = wrapper.application; includeInIndex = 0; path = RAC_Play.app; sourceTree = BUILT_PRODUCTS_DIR; };
		77534D492783F3DD007DAC63 /* AppDelegate.h */ = {isa = PBXFileReference; lastKnownFileType = sourcecode.c.h; path = AppDelegate.h; sourceTree = "<group>"; };
		77534D4A2783F3DD007DAC63 /* AppDelegate.m */ = {isa = PBXFileReference; lastKnownFileType = sourcecode.c.objc; path = AppDelegate.m; sourceTree = "<group>"; };
		77534D4C2783F3DD007DAC63 /* SceneDelegate.h */ = {isa = PBXFileReference; lastKnownFileType = sourcecode.c.h; path = SceneDelegate.h; sourceTree = "<group>"; };
		77534D4D2783F3DD007DAC63 /* SceneDelegate.m */ = {isa = PBXFileReference; lastKnownFileType = sourcecode.c.objc; path = SceneDelegate.m; sourceTree = "<group>"; };
		77534D4F2783F3DD007DAC63 /* ViewController.h */ = {isa = PBXFileReference; lastKnownFileType = sourcecode.c.h; path = ViewController.h; sourceTree = "<group>"; };
		77534D502783F3DD007DAC63 /* ViewController.m */ = {isa = PBXFileReference; lastKnownFileType = sourcecode.c.objc; path = ViewController.m; sourceTree = "<group>"; };
		77534D532783F3DD007DAC63 /* Base */ = {isa = PBXFileReference; lastKnownFileType = file.storyboard; name = Base; path = Base.lproj/Main.storyboard; sourceTree = "<group>"; };
		77534D552783F3DF007DAC63 /* Assets.xcassets */ = {isa = PBXFileReference; lastKnownFileType = folder.assetcatalog; path = Assets.xcassets; sourceTree = "<group>"; };
		77534D582783F3DF007DAC63 /* Base */ = {isa = PBXFileReference; lastKnownFileType = file.storyboard; name = Base; path = Base.lproj/LaunchScreen.storyboard; sourceTree = "<group>"; };
		77534D5A2783F3DF007DAC63 /* Info.plist */ = {isa = PBXFileReference; lastKnownFileType = text.plist.xml; path = Info.plist; sourceTree = "<group>"; };
		77534D5B2783F3DF007DAC63 /* main.m */ = {isa = PBXFileReference; lastKnownFileType = sourcecode.c.objc; path = main.m; sourceTree = "<group>"; };
		77534D602783F4AC007DAC63 /* ReactiveObjC.framework */ = {isa = PBXFileReference; explicitFileType = wrapper.framework; path = ReactiveObjC.framework; sourceTree = BUILT_PRODUCTS_DIR; };
		77534D6A2787EE61007DAC63 /* TestView.h */ = {isa = PBXFileReference; lastKnownFileType = sourcecode.c.h; path = TestView.h; sourceTree = "<group>"; };
		77534D6B2787EE61007DAC63 /* TestView.m */ = {isa = PBXFileReference; lastKnownFileType = sourcecode.c.objc; path = TestView.m; sourceTree = "<group>"; };
		7761F7CE267C37BC00066CFF /* SDPagerController.h */ = {isa = PBXFileReference; fileEncoding = 4; lastKnownFileType = sourcecode.c.h; path = SDPagerController.h; sourceTree = "<group>"; };
		7761F7CF267C37BC00066CFF /* SDPagerController.m */ = {isa = PBXFileReference; fileEncoding = 4; lastKnownFileType = sourcecode.c.objc; path = SDPagerController.m; sourceTree = "<group>"; };
		7761F7D1267C37BC00066CFF /* RRNewWebViewController.h */ = {isa = PBXFileReference; fileEncoding = 4; lastKnownFileType = sourcecode.c.h; path = RRNewWebViewController.h; sourceTree = "<group>"; };
		7761F7D2267C37BC00066CFF /* RRWebViewController.m */ = {isa = PBXFileReference; fileEncoding = 4; lastKnownFileType = sourcecode.c.objc; path = RRWebViewController.m; sourceTree = "<group>"; };
		7761F7D3267C37BC00066CFF /* RRTestViewController.m */ = {isa = PBXFileReference; fileEncoding = 4; lastKnownFileType = sourcecode.c.objc; path = RRTestViewController.m; sourceTree = "<group>"; };
		7761F7D4267C37BC00066CFF /* RRNewWebViewController.m */ = {isa = PBXFileReference; fileEncoding = 4; lastKnownFileType = sourcecode.c.objc; path = RRNewWebViewController.m; sourceTree = "<group>"; };
		7761F7D5267C37BC00066CFF /* RRTestViewController.h */ = {isa = PBXFileReference; fileEncoding = 4; lastKnownFileType = sourcecode.c.h; path = RRTestViewController.h; sourceTree = "<group>"; };
		7761F7D6267C37BC00066CFF /* RRWebViewController.h */ = {isa = PBXFileReference; fileEncoding = 4; lastKnownFileType = sourcecode.c.h; path = RRWebViewController.h; sourceTree = "<group>"; };
		7761F7DC267C37D500066CFF /* CustomViewController.m */ = {isa = PBXFileReference; fileEncoding = 4; lastKnownFileType = sourcecode.c.objc; path = CustomViewController.m; sourceTree = "<group>"; };
		7761F7DD267C37D500066CFF /* ListViewController.m */ = {isa = PBXFileReference; fileEncoding = 4; lastKnownFileType = sourcecode.c.objc; path = ListViewController.m; sourceTree = "<group>"; };
		7761F7DE267C37D500066CFF /* CollectionViewController.h */ = {isa = PBXFileReference; fileEncoding = 4; lastKnownFileType = sourcecode.c.h; path = CollectionViewController.h; sourceTree = "<group>"; };
		7761F7DF267C37D500066CFF /* ListViewController.h */ = {isa = PBXFileReference; fileEncoding = 4; lastKnownFileType = sourcecode.c.h; path = ListViewController.h; sourceTree = "<group>"; };
		7761F7E0267C37D500066CFF /* CustomViewController.h */ = {isa = PBXFileReference; fileEncoding = 4; lastKnownFileType = sourcecode.c.h; path = CustomViewController.h; sourceTree = "<group>"; };
		7761F7E1267C37D500066CFF /* CollectionViewController.m */ = {isa = PBXFileReference; fileEncoding = 4; lastKnownFileType = sourcecode.c.objc; path = CollectionViewController.m; sourceTree = "<group>"; };
		7761F7E5267C380600066CFF /* SDSideViewController.h */ = {isa = PBXFileReference; lastKnownFileType = sourcecode.c.h; path = SDSideViewController.h; sourceTree = "<group>"; };
		7761F7E6267C380600066CFF /* SDSideViewController.m */ = {isa = PBXFileReference; lastKnownFileType = sourcecode.c.objc; path = SDSideViewController.m; sourceTree = "<group>"; };
		7761F7E8267C38E200066CFF /* MenuViewController.m */ = {isa = PBXFileReference; fileEncoding = 4; lastKnownFileType = sourcecode.c.objc; path = MenuViewController.m; sourceTree = "<group>"; };
		7761F7E9267C38E200066CFF /* MenuViewController.h */ = {isa = PBXFileReference; fileEncoding = 4; lastKnownFileType = sourcecode.c.h; path = MenuViewController.h; sourceTree = "<group>"; };
		776E83132655135600A3CE78 /* SDPlayground.app */ = {isa = PBXFileReference; explicitFileType = wrapper.application; includeInIndex = 0; path = SDPlayground.app; sourceTree = BUILT_PRODUCTS_DIR; };
		776E83162655135600A3CE78 /* AppDelegate.h */ = {isa = PBXFileReference; lastKnownFileType = sourcecode.c.h; path = AppDelegate.h; sourceTree = "<group>"; };
		776E83172655135600A3CE78 /* AppDelegate.m */ = {isa = PBXFileReference; lastKnownFileType = sourcecode.c.objc; path = AppDelegate.m; sourceTree = "<group>"; };
		776E83202655135600A3CE78 /* Base */ = {isa = PBXFileReference; lastKnownFileType = file.storyboard; name = Base; path = Base.lproj/Main.storyboard; sourceTree = "<group>"; };
		776E83222655135800A3CE78 /* Assets.xcassets */ = {isa = PBXFileReference; lastKnownFileType = folder.assetcatalog; path = Assets.xcassets; sourceTree = "<group>"; };
		776E83252655135800A3CE78 /* Base */ = {isa = PBXFileReference; lastKnownFileType = file.storyboard; name = Base; path = Base.lproj/LaunchScreen.storyboard; sourceTree = "<group>"; };
		776E83272655135800A3CE78 /* Info.plist */ = {isa = PBXFileReference; lastKnownFileType = text.plist.xml; path = Info.plist; sourceTree = "<group>"; };
		776E83282655135800A3CE78 /* main.m */ = {isa = PBXFileReference; lastKnownFileType = sourcecode.c.objc; path = main.m; sourceTree = "<group>"; };
		776E835C2655150700A3CE78 /* RRSlidableProgressView.h */ = {isa = PBXFileReference; fileEncoding = 4; lastKnownFileType = sourcecode.c.h; path = RRSlidableProgressView.h; sourceTree = "<group>"; };
		776E835D2655150700A3CE78 /* RRSlidableProgressView.m */ = {isa = PBXFileReference; fileEncoding = 4; lastKnownFileType = sourcecode.c.objc; path = RRSlidableProgressView.m; sourceTree = "<group>"; };
		776E83612655164100A3CE78 /* SDPlayground.pch */ = {isa = PBXFileReference; lastKnownFileType = sourcecode.c.h; path = SDPlayground.pch; sourceTree = "<group>"; };
		776E836D265519A400A3CE78 /* SDTabBarController.h */ = {isa = PBXFileReference; lastKnownFileType = sourcecode.c.h; path = SDTabBarController.h; sourceTree = "<group>"; };
		776E836E265519A400A3CE78 /* SDTabBarController.m */ = {isa = PBXFileReference; lastKnownFileType = sourcecode.c.objc; path = SDTabBarController.m; sourceTree = "<group>"; };
		776E837326551E3500A3CE78 /* SDNavigationController.h */ = {isa = PBXFileReference; lastKnownFileType = sourcecode.c.h; path = SDNavigationController.h; sourceTree = "<group>"; };
		776E837426551E3500A3CE78 /* SDNavigationController.m */ = {isa = PBXFileReference; lastKnownFileType = sourcecode.c.objc; path = SDNavigationController.m; sourceTree = "<group>"; };
		7776F8192754C77C00E3DF13 /* SDSettingViewController.h */ = {isa = PBXFileReference; lastKnownFileType = sourcecode.c.h; path = SDSettingViewController.h; sourceTree = "<group>"; };
		7776F81A2754C77C00E3DF13 /* SDSettingViewController.m */ = {isa = PBXFileReference; lastKnownFileType = sourcecode.c.objc; path = SDSettingViewController.m; sourceTree = "<group>"; };
		77C728DF26FDE6950072322D /* SDAlertViewController.h */ = {isa = PBXFileReference; lastKnownFileType = sourcecode.c.h; path = SDAlertViewController.h; sourceTree = "<group>"; };
		77C728E026FDE6950072322D /* SDAlertViewController.m */ = {isa = PBXFileReference; lastKnownFileType = sourcecode.c.objc; path = SDAlertViewController.m; sourceTree = "<group>"; };
		77C728E126FDE6950072322D /* SDAlertViewController.xib */ = {isa = PBXFileReference; lastKnownFileType = file.xib; path = SDAlertViewController.xib; sourceTree = "<group>"; };
		77DFF81127BBAEC000C1E60E /* CodeTest.app */ = {isa = PBXFileReference; explicitFileType = wrapper.application; includeInIndex = 0; path = CodeTest.app; sourceTree = BUILT_PRODUCTS_DIR; };
		77DFF81327BBAEC000C1E60E /* AppDelegate.h */ = {isa = PBXFileReference; lastKnownFileType = sourcecode.c.h; path = AppDelegate.h; sourceTree = "<group>"; };
		77DFF81427BBAEC000C1E60E /* AppDelegate.m */ = {isa = PBXFileReference; lastKnownFileType = sourcecode.c.objc; path = AppDelegate.m; sourceTree = "<group>"; };
		77DFF81627BBAEC000C1E60E /* SceneDelegate.h */ = {isa = PBXFileReference; lastKnownFileType = sourcecode.c.h; path = SceneDelegate.h; sourceTree = "<group>"; };
		77DFF81727BBAEC000C1E60E /* SceneDelegate.m */ = {isa = PBXFileReference; lastKnownFileType = sourcecode.c.objc; path = SceneDelegate.m; sourceTree = "<group>"; };
		77DFF81927BBAEC000C1E60E /* CodeTestViewController.h */ = {isa = PBXFileReference; lastKnownFileType = sourcecode.c.h; path = CodeTestViewController.h; sourceTree = "<group>"; };
		77DFF81A27BBAEC000C1E60E /* CodeTestViewController.m */ = {isa = PBXFileReference; lastKnownFileType = sourcecode.c.objc; path = CodeTestViewController.m; sourceTree = "<group>"; };
		77DFF81D27BBAEC000C1E60E /* Base */ = {isa = PBXFileReference; lastKnownFileType = file.storyboard; name = Base; path = Base.lproj/Main.storyboard; sourceTree = "<group>"; };
		77DFF81F27BBAEC300C1E60E /* Assets.xcassets */ = {isa = PBXFileReference; lastKnownFileType = folder.assetcatalog; path = Assets.xcassets; sourceTree = "<group>"; };
		77DFF82227BBAEC300C1E60E /* Base */ = {isa = PBXFileReference; lastKnownFileType = file.storyboard; name = Base; path = Base.lproj/LaunchScreen.storyboard; sourceTree = "<group>"; };
		77DFF82427BBAEC300C1E60E /* Info.plist */ = {isa = PBXFileReference; lastKnownFileType = text.plist.xml; path = Info.plist; sourceTree = "<group>"; };
		77DFF82527BBAEC300C1E60E /* main.m */ = {isa = PBXFileReference; lastKnownFileType = sourcecode.c.objc; path = main.m; sourceTree = "<group>"; };
		77DFF85827BDEC5200C1E60E /* Swift_Play.app */ = {isa = PBXFileReference; explicitFileType = wrapper.application; includeInIndex = 0; path = Swift_Play.app; sourceTree = BUILT_PRODUCTS_DIR; };
		77DFF85A27BDEC5200C1E60E /* AppDelegate.swift */ = {isa = PBXFileReference; lastKnownFileType = sourcecode.swift; path = AppDelegate.swift; sourceTree = "<group>"; };
		77DFF85C27BDEC5200C1E60E /* SceneDelegate.swift */ = {isa = PBXFileReference; lastKnownFileType = sourcecode.swift; path = SceneDelegate.swift; sourceTree = "<group>"; };
		77DFF85E27BDEC5200C1E60E /* ViewController.swift */ = {isa = PBXFileReference; lastKnownFileType = sourcecode.swift; path = ViewController.swift; sourceTree = "<group>"; };
		77DFF86127BDEC5200C1E60E /* Base */ = {isa = PBXFileReference; lastKnownFileType = file.storyboard; name = Base; path = Base.lproj/Main.storyboard; sourceTree = "<group>"; };
		77DFF86327BDEC5500C1E60E /* Assets.xcassets */ = {isa = PBXFileReference; lastKnownFileType = folder.assetcatalog; path = Assets.xcassets; sourceTree = "<group>"; };
		77DFF86627BDEC5500C1E60E /* Base */ = {isa = PBXFileReference; lastKnownFileType = file.storyboard; name = Base; path = Base.lproj/LaunchScreen.storyboard; sourceTree = "<group>"; };
		77DFF86827BDEC5500C1E60E /* Info.plist */ = {isa = PBXFileReference; lastKnownFileType = text.plist.xml; path = Info.plist; sourceTree = "<group>"; };
		77DFF86C27C37E5C00C1E60E /* ChatTableViewController.h */ = {isa = PBXFileReference; lastKnownFileType = sourcecode.c.h; path = ChatTableViewController.h; sourceTree = "<group>"; };
		77DFF86D27C37E5C00C1E60E /* ChatTableViewController.m */ = {isa = PBXFileReference; lastKnownFileType = sourcecode.c.objc; path = ChatTableViewController.m; sourceTree = "<group>"; };
		77DFF86F27C37FCA00C1E60E /* ChatBaseTableViewCell.h */ = {isa = PBXFileReference; lastKnownFileType = sourcecode.c.h; path = ChatBaseTableViewCell.h; sourceTree = "<group>"; };
		77DFF87027C37FCA00C1E60E /* ChatBaseTableViewCell.m */ = {isa = PBXFileReference; lastKnownFileType = sourcecode.c.objc; path = ChatBaseTableViewCell.m; sourceTree = "<group>"; };
		77DFF87127C37FCA00C1E60E /* ChatBaseTableViewCell.xib */ = {isa = PBXFileReference; lastKnownFileType = file.xib; path = ChatBaseTableViewCell.xib; sourceTree = "<group>"; };
		77DFF87627C3ABF900C1E60E /* ChatBaseCell.h */ = {isa = PBXFileReference; lastKnownFileType = sourcecode.c.h; path = ChatBaseCell.h; sourceTree = "<group>"; };
		77DFF87727C3ABF900C1E60E /* ChatBaseCell.m */ = {isa = PBXFileReference; lastKnownFileType = sourcecode.c.objc; path = ChatBaseCell.m; sourceTree = "<group>"; };
		77F47E2E26F4497000FF1359 /* SDPushViewController.h */ = {isa = PBXFileReference; lastKnownFileType = sourcecode.c.h; path = SDPushViewController.h; sourceTree = "<group>"; };
		77F47E2F26F4497000FF1359 /* SDPushViewController.m */ = {isa = PBXFileReference; lastKnownFileType = sourcecode.c.objc; path = SDPushViewController.m; sourceTree = "<group>"; };
		77F47E3026F4497000FF1359 /* SDPushViewController.xib */ = {isa = PBXFileReference; lastKnownFileType = file.xib; path = SDPushViewController.xib; sourceTree = "<group>"; };
		77F47E3326F44A0D00FF1359 /* SDPopViewController.h */ = {isa = PBXFileReference; lastKnownFileType = sourcecode.c.h; path = SDPopViewController.h; sourceTree = "<group>"; };
		77F47E3426F44A0D00FF1359 /* SDPopViewController.m */ = {isa = PBXFileReference; lastKnownFileType = sourcecode.c.objc; path = SDPopViewController.m; sourceTree = "<group>"; };
		77F47E3526F44A0D00FF1359 /* SDPopViewController.xib */ = {isa = PBXFileReference; lastKnownFileType = file.xib; path = SDPopViewController.xib; sourceTree = "<group>"; };
		77F47E3926F58B8C00FF1359 /* SDSlideAnimationController.h */ = {isa = PBXFileReference; lastKnownFileType = sourcecode.c.h; path = SDSlideAnimationController.h; sourceTree = "<group>"; };
		77F47E3A26F58B8C00FF1359 /* SDSlideAnimationController.m */ = {isa = PBXFileReference; lastKnownFileType = sourcecode.c.objc; path = SDSlideAnimationController.m; sourceTree = "<group>"; };
		77F47E3C26F58C6800FF1359 /* SDNavigationDelegate.h */ = {isa = PBXFileReference; lastKnownFileType = sourcecode.c.h; path = SDNavigationDelegate.h; sourceTree = "<group>"; };
		77F47E3D26F58C6800FF1359 /* SDNavigationDelegate.m */ = {isa = PBXFileReference; lastKnownFileType = sourcecode.c.objc; path = SDNavigationDelegate.m; sourceTree = "<group>"; };
		77F47E3F26F5BA1100FF1359 /* SDCardAnimationController.h */ = {isa = PBXFileReference; lastKnownFileType = sourcecode.c.h; path = SDCardAnimationController.h; sourceTree = "<group>"; };
		77F47E4026F5BA1100FF1359 /* SDCardAnimationController.m */ = {isa = PBXFileReference; lastKnownFileType = sourcecode.c.objc; path = SDCardAnimationController.m; sourceTree = "<group>"; };
		77F47E4226F5C9C800FF1359 /* SDOverlayAnimationController.h */ = {isa = PBXFileReference; lastKnownFileType = sourcecode.c.h; path = SDOverlayAnimationController.h; sourceTree = "<group>"; };
		77F47E4326F5C9C800FF1359 /* SDOverlayAnimationController.m */ = {isa = PBXFileReference; lastKnownFileType = sourcecode.c.objc; path = SDOverlayAnimationController.m; sourceTree = "<group>"; };
		77F47E4526F5D80200FF1359 /* SDPresentingViewController.h */ = {isa = PBXFileReference; lastKnownFileType = sourcecode.c.h; path = SDPresentingViewController.h; sourceTree = "<group>"; };
		77F47E4626F5D80200FF1359 /* SDPresentingViewController.m */ = {isa = PBXFileReference; lastKnownFileType = sourcecode.c.objc; path = SDPresentingViewController.m; sourceTree = "<group>"; };
		77F47E4726F5D80200FF1359 /* SDPresentingViewController.xib */ = {isa = PBXFileReference; lastKnownFileType = file.xib; path = SDPresentingViewController.xib; sourceTree = "<group>"; };
		77F47E4A26F5D81200FF1359 /* SDPresentedViewController.h */ = {isa = PBXFileReference; lastKnownFileType = sourcecode.c.h; path = SDPresentedViewController.h; sourceTree = "<group>"; };
		77F47E4B26F5D81200FF1359 /* SDPresentedViewController.m */ = {isa = PBXFileReference; lastKnownFileType = sourcecode.c.objc; path = SDPresentedViewController.m; sourceTree = "<group>"; };
		77F47E4C26F5D81200FF1359 /* SDPresentedViewController.xib */ = {isa = PBXFileReference; lastKnownFileType = file.xib; path = SDPresentedViewController.xib; sourceTree = "<group>"; };
		77F47E4F26F5D94900FF1359 /* SDModalTransitionDelegate.h */ = {isa = PBXFileReference; lastKnownFileType = sourcecode.c.h; path = SDModalTransitionDelegate.h; sourceTree = "<group>"; };
		77F47E5026F5D94900FF1359 /* SDModalTransitionDelegate.m */ = {isa = PBXFileReference; lastKnownFileType = sourcecode.c.objc; path = SDModalTransitionDelegate.m; sourceTree = "<group>"; };
		77F47E5226F5F48600FF1359 /* SDOverlyPresentionController.h */ = {isa = PBXFileReference; lastKnownFileType = sourcecode.c.h; path = SDOverlyPresentionController.h; sourceTree = "<group>"; };
		77F47E5326F5F48600FF1359 /* SDOverlyPresentionController.m */ = {isa = PBXFileReference; lastKnownFileType = sourcecode.c.objc; path = SDOverlyPresentionController.m; sourceTree = "<group>"; };
		79D60551F6E6B3230BB70B68 /* Pods-SDPlayground.release.xcconfig */ = {isa = PBXFileReference; includeInIndex = 1; lastKnownFileType = text.xcconfig; name = "Pods-SDPlayground.release.xcconfig"; path = "Target Support Files/Pods-SDPlayground/Pods-SDPlayground.release.xcconfig"; sourceTree = "<group>"; };
		9FD66984320A9A02276F27C6 /* Pods-RAC_Play.release.xcconfig */ = {isa = PBXFileReference; includeInIndex = 1; lastKnownFileType = text.xcconfig; name = "Pods-RAC_Play.release.xcconfig"; path = "Target Support Files/Pods-RAC_Play/Pods-RAC_Play.release.xcconfig"; sourceTree = "<group>"; };
		AD667EEFE85DB91C419CEE86 /* Pods-RAC_Play.debug.xcconfig */ = {isa = PBXFileReference; includeInIndex = 1; lastKnownFileType = text.xcconfig; name = "Pods-RAC_Play.debug.xcconfig"; path = "Target Support Files/Pods-RAC_Play/Pods-RAC_Play.debug.xcconfig"; sourceTree = "<group>"; };
		B0AD54D458CE408A9BC8173D /* Pods_SDPlayground.framework */ = {isa = PBXFileReference; explicitFileType = wrapper.framework; includeInIndex = 0; path = Pods_SDPlayground.framework; sourceTree = BUILT_PRODUCTS_DIR; };
		D04B0486FB92B69A29228010 /* Pods-CodeTest.debug.xcconfig */ = {isa = PBXFileReference; includeInIndex = 1; lastKnownFileType = text.xcconfig; name = "Pods-CodeTest.debug.xcconfig"; path = "Target Support Files/Pods-CodeTest/Pods-CodeTest.debug.xcconfig"; sourceTree = "<group>"; };
/* End PBXFileReference section */

/* Begin PBXFrameworksBuildPhase section */
		2A68C6A927C7C949000EA47F /* Frameworks */ = {
			isa = PBXFrameworksBuildPhase;
			buildActionMask = 2147483647;
			files = (
			);
			runOnlyForDeploymentPostprocessing = 0;
		};
		77534D442783F3DD007DAC63 /* Frameworks */ = {
			isa = PBXFrameworksBuildPhase;
			buildActionMask = 2147483647;
			files = (
				2ACE0B158418D9A08A95C0D5 /* Pods_RAC_Play.framework in Frameworks */,
			);
			runOnlyForDeploymentPostprocessing = 0;
		};
		776E83102655135600A3CE78 /* Frameworks */ = {
			isa = PBXFrameworksBuildPhase;
			buildActionMask = 2147483647;
			files = (
				D3FBA7155F7D8D39AA380E43 /* Pods_SDPlayground.framework in Frameworks */,
			);
			runOnlyForDeploymentPostprocessing = 0;
		};
		77DFF80E27BBAEC000C1E60E /* Frameworks */ = {
			isa = PBXFrameworksBuildPhase;
			buildActionMask = 2147483647;
			files = (
				7C9945EEAE41CC94770F0239 /* Pods_CodeTest.framework in Frameworks */,
			);
			runOnlyForDeploymentPostprocessing = 0;
		};
		77DFF85527BDEC5200C1E60E /* Frameworks */ = {
			isa = PBXFrameworksBuildPhase;
			buildActionMask = 2147483647;
			files = (
			);
			runOnlyForDeploymentPostprocessing = 0;
		};
/* End PBXFrameworksBuildPhase section */

/* Begin PBXGroup section */
		2A68C6AD27C7C949000EA47F /* Code_Interview */ = {
			isa = PBXGroup;
			children = (
				2A68C6AE27C7C949000EA47F /* AppDelegate.h */,
				2A68C6AF27C7C949000EA47F /* AppDelegate.m */,
				2A68C6B127C7C949000EA47F /* SceneDelegate.h */,
				2A68C6B227C7C949000EA47F /* SceneDelegate.m */,
				2A68C6B427C7C949000EA47F /* ViewController.h */,
				2A68C6B527C7C949000EA47F /* ViewController.m */,
				2A68C6C627C7C984000EA47F /* SomeClasses */,
				2A68C6B727C7C949000EA47F /* Main.storyboard */,
				2A68C6BA27C7C94A000EA47F /* Assets.xcassets */,
				2A68C6BC27C7C94A000EA47F /* LaunchScreen.storyboard */,
				2A68C6BF27C7C94A000EA47F /* Info.plist */,
				2A68C6C027C7C94A000EA47F /* main.m */,
			);
			path = Code_Interview;
			sourceTree = "<group>";
		};
		2A68C6C627C7C984000EA47F /* SomeClasses */ = {
			isa = PBXGroup;
			children = (
				2A68C6CF27C7C984000EA47F /* Father.h */,
				2A68C6CA27C7C984000EA47F /* Father.m */,
				2A68C6D627C7C9C5000EA47F /* MoveButton */,
				2A68C6C727C7C984000EA47F /* Person.h */,
				2A68C6CD27C7C984000EA47F /* Person.m */,
				2A68C6C927C7C984000EA47F /* Person+A.h */,
				2A68C6CE27C7C984000EA47F /* Person+A.m */,
				2A68C6CB27C7C984000EA47F /* Person+B.h */,
				2A68C6D027C7C984000EA47F /* Person+B.m */,
				2A68C6CC27C7C984000EA47F /* SubPerson.h */,
				2A68C6C827C7C984000EA47F /* SubPerson.m */,
			);
			path = SomeClasses;
			sourceTree = "<group>";
		};
		2A68C6D627C7C9C5000EA47F /* MoveButton */ = {
			isa = PBXGroup;
			children = (
				2A68C6D727C7C9C5000EA47F /* MoveClickButton.m */,
				2A68C6D827C7C9C5000EA47F /* MoveClickButton.h */,
			);
			path = MoveButton;
			sourceTree = "<group>";
		};
		2AF9163E27C3E3DA00C31734 /* Tools */ = {
			isa = PBXGroup;
			children = (
				2AF9164327C3E48F00C31734 /* YYWeakProxy.h */,
				2AF9164227C3E48F00C31734 /* YYWeakProxy.m */,
				2AF9163F27C3E3F400C31734 /* YYFPSLabel.h */,
				2AF9164027C3E3F400C31734 /* YYFPSLabel.m */,
			);
			path = Tools;
			sourceTree = "<group>";
		};
		77534D482783F3DD007DAC63 /* RAC_Play */ = {
			isa = PBXGroup;
			children = (
				77534D492783F3DD007DAC63 /* AppDelegate.h */,
				77534D4A2783F3DD007DAC63 /* AppDelegate.m */,
				77534D4C2783F3DD007DAC63 /* SceneDelegate.h */,
				77534D4D2783F3DD007DAC63 /* SceneDelegate.m */,
				77534D4F2783F3DD007DAC63 /* ViewController.h */,
				77534D502783F3DD007DAC63 /* ViewController.m */,
				77534D6A2787EE61007DAC63 /* TestView.h */,
				77534D6B2787EE61007DAC63 /* TestView.m */,
				77534D522783F3DD007DAC63 /* Main.storyboard */,
				77534D552783F3DF007DAC63 /* Assets.xcassets */,
				77534D572783F3DF007DAC63 /* LaunchScreen.storyboard */,
				77534D5A2783F3DF007DAC63 /* Info.plist */,
				77534D5B2783F3DF007DAC63 /* main.m */,
			);
			path = RAC_Play;
			sourceTree = "<group>";
		};
		7761F7CD267C37BC00066CFF /* ContainerVC */ = {
			isa = PBXGroup;
			children = (
				7761F7CE267C37BC00066CFF /* SDPagerController.h */,
				7761F7CF267C37BC00066CFF /* SDPagerController.m */,
				7761F7E5267C380600066CFF /* SDSideViewController.h */,
				7761F7E6267C380600066CFF /* SDSideViewController.m */,
				7761F7DB267C37D500066CFF /* tempVC */,
			);
			path = ContainerVC;
			sourceTree = "<group>";
		};
		7761F7D0267C37BC00066CFF /* VC */ = {
			isa = PBXGroup;
			children = (
				7761F7D1267C37BC00066CFF /* RRNewWebViewController.h */,
				7761F7D4267C37BC00066CFF /* RRNewWebViewController.m */,
				7761F7D5267C37BC00066CFF /* RRTestViewController.h */,
				7761F7D3267C37BC00066CFF /* RRTestViewController.m */,
				7761F7D6267C37BC00066CFF /* RRWebViewController.h */,
				7761F7D2267C37BC00066CFF /* RRWebViewController.m */,
				77C728DF26FDE6950072322D /* SDAlertViewController.h */,
				77C728E026FDE6950072322D /* SDAlertViewController.m */,
				77C728E126FDE6950072322D /* SDAlertViewController.xib */,
			);
			path = VC;
			sourceTree = "<group>";
		};
		7761F7DB267C37D500066CFF /* tempVC */ = {
			isa = PBXGroup;
			children = (
				7761F7E9267C38E200066CFF /* MenuViewController.h */,
				7761F7E8267C38E200066CFF /* MenuViewController.m */,
				7761F7DE267C37D500066CFF /* CollectionViewController.h */,
				7761F7E1267C37D500066CFF /* CollectionViewController.m */,
				7761F7E0267C37D500066CFF /* CustomViewController.h */,
				7761F7DC267C37D500066CFF /* CustomViewController.m */,
				7761F7DF267C37D500066CFF /* ListViewController.h */,
				7761F7DD267C37D500066CFF /* ListViewController.m */,
			);
			path = tempVC;
			sourceTree = "<group>";
		};
		776E830A2655135600A3CE78 = {
			isa = PBXGroup;
			children = (
				776E83152655135600A3CE78 /* SDPlayground */,
				77534D482783F3DD007DAC63 /* RAC_Play */,
				77DFF81227BBAEC000C1E60E /* CodeTest */,
				77DFF85927BDEC5200C1E60E /* Swift_Play */,
				2A68C6AD27C7C949000EA47F /* Code_Interview */,
				776E83142655135600A3CE78 /* Products */,
				AE4A0172ACA858B2722929A0 /* Pods */,
				F876EA44AE1DC6989AAD6788 /* Frameworks */,
			);
			sourceTree = "<group>";
		};
		776E83142655135600A3CE78 /* Products */ = {
			isa = PBXGroup;
			children = (
				776E83132655135600A3CE78 /* SDPlayground.app */,
				77534D472783F3DD007DAC63 /* RAC_Play.app */,
				77DFF81127BBAEC000C1E60E /* CodeTest.app */,
				77DFF85827BDEC5200C1E60E /* Swift_Play.app */,
				2A68C6AC27C7C949000EA47F /* Code_Interview.app */,
			);
			name = Products;
			sourceTree = "<group>";
		};
		776E83152655135600A3CE78 /* SDPlayground */ = {
			isa = PBXGroup;
			children = (
				7776F8182754C75600E3DF13 /* SettingVC */,
				77F47E2A26F4455F00FF1359 /* TransitionVC */,
				776E8366265518CF00A3CE78 /* App */,
				776E8364265518B200A3CE78 /* RootVC */,
				7761F7CD267C37BC00066CFF /* ContainerVC */,
				7761F7D0267C37BC00066CFF /* VC */,
				776E837726551E8F00A3CE78 /* CommonViews */,
				776E83612655164100A3CE78 /* SDPlayground.pch */,
				776E83272655135800A3CE78 /* Info.plist */,
				776E83222655135800A3CE78 /* Assets.xcassets */,
				776E83242655135800A3CE78 /* LaunchScreen.storyboard */,
				776E831F2655135600A3CE78 /* Main.storyboard */,
			);
			path = SDPlayground;
			sourceTree = "<group>";
		};
		776E835B2655150700A3CE78 /* RRSlidableProgressView */ = {
			isa = PBXGroup;
			children = (
				776E835C2655150700A3CE78 /* RRSlidableProgressView.h */,
				776E835D2655150700A3CE78 /* RRSlidableProgressView.m */,
			);
			path = RRSlidableProgressView;
			sourceTree = "<group>";
		};
		776E8364265518B200A3CE78 /* RootVC */ = {
			isa = PBXGroup;
			children = (
				776E836D265519A400A3CE78 /* SDTabBarController.h */,
				776E836E265519A400A3CE78 /* SDTabBarController.m */,
				776E837326551E3500A3CE78 /* SDNavigationController.h */,
				776E837426551E3500A3CE78 /* SDNavigationController.m */,
				77F47E3826F58B3500FF1359 /* VCTransition */,
			);
			path = RootVC;
			sourceTree = "<group>";
		};
		776E8366265518CF00A3CE78 /* App */ = {
			isa = PBXGroup;
			children = (
				776E83162655135600A3CE78 /* AppDelegate.h */,
				776E83172655135600A3CE78 /* AppDelegate.m */,
				776E83282655135800A3CE78 /* main.m */,
			);
			path = App;
			sourceTree = "<group>";
		};
		776E837726551E8F00A3CE78 /* CommonViews */ = {
			isa = PBXGroup;
			children = (
				776E835B2655150700A3CE78 /* RRSlidableProgressView */,
			);
			path = CommonViews;
			sourceTree = "<group>";
		};
		7776F8182754C75600E3DF13 /* SettingVC */ = {
			isa = PBXGroup;
			children = (
				7776F8192754C77C00E3DF13 /* SDSettingViewController.h */,
				7776F81A2754C77C00E3DF13 /* SDSettingViewController.m */,
			);
			path = SettingVC;
			sourceTree = "<group>";
		};
		77DFF81227BBAEC000C1E60E /* CodeTest */ = {
			isa = PBXGroup;
			children = (
				2AF9163E27C3E3DA00C31734 /* Tools */,
				77DFF81327BBAEC000C1E60E /* AppDelegate.h */,
				77DFF81427BBAEC000C1E60E /* AppDelegate.m */,
				77DFF81627BBAEC000C1E60E /* SceneDelegate.h */,
				77DFF81727BBAEC000C1E60E /* SceneDelegate.m */,
				77DFF81927BBAEC000C1E60E /* CodeTestViewController.h */,
				77DFF81A27BBAEC000C1E60E /* CodeTestViewController.m */,
				77DFF86C27C37E5C00C1E60E /* ChatTableViewController.h */,
				77DFF86D27C37E5C00C1E60E /* ChatTableViewController.m */,
				77DFF86F27C37FCA00C1E60E /* ChatBaseTableViewCell.h */,
				77DFF87027C37FCA00C1E60E /* ChatBaseTableViewCell.m */,
				77DFF87127C37FCA00C1E60E /* ChatBaseTableViewCell.xib */,
				77DFF87627C3ABF900C1E60E /* ChatBaseCell.h */,
				77DFF87727C3ABF900C1E60E /* ChatBaseCell.m */,
				2AF9164527C3E9F500C31734 /* ChatTextCell.h */,
				2AF9164627C3E9F500C31734 /* ChatTextCell.m */,
				77DFF81C27BBAEC000C1E60E /* Main.storyboard */,
				77DFF81F27BBAEC300C1E60E /* Assets.xcassets */,
				77DFF82127BBAEC300C1E60E /* LaunchScreen.storyboard */,
				77DFF82427BBAEC300C1E60E /* Info.plist */,
				77DFF82527BBAEC300C1E60E /* main.m */,
			);
			path = CodeTest;
			sourceTree = "<group>";
		};
		77DFF85927BDEC5200C1E60E /* Swift_Play */ = {
			isa = PBXGroup;
			children = (
				77DFF85A27BDEC5200C1E60E /* AppDelegate.swift */,
				77DFF85C27BDEC5200C1E60E /* SceneDelegate.swift */,
				77DFF85E27BDEC5200C1E60E /* ViewController.swift */,
				77DFF86027BDEC5200C1E60E /* Main.storyboard */,
				77DFF86327BDEC5500C1E60E /* Assets.xcassets */,
				77DFF86527BDEC5500C1E60E /* LaunchScreen.storyboard */,
				77DFF86827BDEC5500C1E60E /* Info.plist */,
			);
			path = Swift_Play;
			sourceTree = "<group>";
		};
		77F47E2A26F4455F00FF1359 /* TransitionVC */ = {
			isa = PBXGroup;
			children = (
				77F47E2E26F4497000FF1359 /* SDPushViewController.h */,
				77F47E2F26F4497000FF1359 /* SDPushViewController.m */,
				77F47E3026F4497000FF1359 /* SDPushViewController.xib */,
				77F47E3326F44A0D00FF1359 /* SDPopViewController.h */,
				77F47E3426F44A0D00FF1359 /* SDPopViewController.m */,
				77F47E3526F44A0D00FF1359 /* SDPopViewController.xib */,
				77F47E4526F5D80200FF1359 /* SDPresentingViewController.h */,
				77F47E4626F5D80200FF1359 /* SDPresentingViewController.m */,
				77F47E4726F5D80200FF1359 /* SDPresentingViewController.xib */,
				77F47E4A26F5D81200FF1359 /* SDPresentedViewController.h */,
				77F47E4B26F5D81200FF1359 /* SDPresentedViewController.m */,
				77F47E4C26F5D81200FF1359 /* SDPresentedViewController.xib */,
			);
			path = TransitionVC;
			sourceTree = "<group>";
		};
		77F47E3826F58B3500FF1359 /* VCTransition */ = {
			isa = PBXGroup;
			children = (
				77F47E3C26F58C6800FF1359 /* SDNavigationDelegate.h */,
				77F47E3D26F58C6800FF1359 /* SDNavigationDelegate.m */,
				2A83376326F73FB3007C5828 /* SDTabBarVCDelegate.h */,
				2A83376426F73FB3007C5828 /* SDTabBarVCDelegate.m */,
				77F47E4F26F5D94900FF1359 /* SDModalTransitionDelegate.h */,
				77F47E5026F5D94900FF1359 /* SDModalTransitionDelegate.m */,
				77F47E5226F5F48600FF1359 /* SDOverlyPresentionController.h */,
				77F47E5326F5F48600FF1359 /* SDOverlyPresentionController.m */,
				77F47E3926F58B8C00FF1359 /* SDSlideAnimationController.h */,
				77F47E3A26F58B8C00FF1359 /* SDSlideAnimationController.m */,
				77F47E3F26F5BA1100FF1359 /* SDCardAnimationController.h */,
				77F47E4026F5BA1100FF1359 /* SDCardAnimationController.m */,
				77F47E4226F5C9C800FF1359 /* SDOverlayAnimationController.h */,
				77F47E4326F5C9C800FF1359 /* SDOverlayAnimationController.m */,
			);
			path = VCTransition;
			sourceTree = "<group>";
		};
		AE4A0172ACA858B2722929A0 /* Pods */ = {
			isa = PBXGroup;
			children = (
				152B8E566FC49531A03B21D1 /* Pods-SDPlayground.debug.xcconfig */,
				79D60551F6E6B3230BB70B68 /* Pods-SDPlayground.release.xcconfig */,
				AD667EEFE85DB91C419CEE86 /* Pods-RAC_Play.debug.xcconfig */,
				9FD66984320A9A02276F27C6 /* Pods-RAC_Play.release.xcconfig */,
				D04B0486FB92B69A29228010 /* Pods-CodeTest.debug.xcconfig */,
				2E5336FA597F17073BD773E3 /* Pods-CodeTest.release.xcconfig */,
			);
			path = Pods;
			sourceTree = "<group>";
		};
		F876EA44AE1DC6989AAD6788 /* Frameworks */ = {
			isa = PBXGroup;
			children = (
				77534D602783F4AC007DAC63 /* ReactiveObjC.framework */,
				B0AD54D458CE408A9BC8173D /* Pods_SDPlayground.framework */,
				2FDD04166E52281981742FDE /* Pods_RAC_Play.framework */,
				331A98BE205D1607A75A33CF /* Pods_CodeTest.framework */,
			);
			name = Frameworks;
			sourceTree = "<group>";
		};
/* End PBXGroup section */

/* Begin PBXNativeTarget section */
		2A68C6AB27C7C949000EA47F /* Code_Interview */ = {
			isa = PBXNativeTarget;
			buildConfigurationList = 2A68C6C427C7C94A000EA47F /* Build configuration list for PBXNativeTarget "Code_Interview" */;
			buildPhases = (
				2A68C6A827C7C949000EA47F /* Sources */,
				2A68C6A927C7C949000EA47F /* Frameworks */,
				2A68C6AA27C7C949000EA47F /* Resources */,
			);
			buildRules = (
			);
			dependencies = (
			);
			name = Code_Interview;
			productName = Code_Interview;
			productReference = 2A68C6AC27C7C949000EA47F /* Code_Interview.app */;
			productType = "com.apple.product-type.application";
		};
		77534D462783F3DD007DAC63 /* RAC_Play */ = {
			isa = PBXNativeTarget;
			buildConfigurationList = 77534D5F2783F3DF007DAC63 /* Build configuration list for PBXNativeTarget "RAC_Play" */;
			buildPhases = (
				AAF1C14E00ABE77684E47215 /* [CP] Check Pods Manifest.lock */,
				77534D432783F3DD007DAC63 /* Sources */,
				77534D442783F3DD007DAC63 /* Frameworks */,
				77534D452783F3DD007DAC63 /* Resources */,
				C02800BC757EF80091672F72 /* [CP] Embed Pods Frameworks */,
			);
			buildRules = (
			);
			dependencies = (
			);
			name = RAC_Play;
			productName = RAC_Play;
			productReference = 77534D472783F3DD007DAC63 /* RAC_Play.app */;
			productType = "com.apple.product-type.application";
		};
		776E83122655135600A3CE78 /* SDPlayground */ = {
			isa = PBXNativeTarget;
			buildConfigurationList = 776E832C2655135800A3CE78 /* Build configuration list for PBXNativeTarget "SDPlayground" */;
			buildPhases = (
				9BD53673C9A6A5FE5CFC903B /* [CP] Check Pods Manifest.lock */,
				776E830F2655135600A3CE78 /* Sources */,
				776E83102655135600A3CE78 /* Frameworks */,
				776E83112655135600A3CE78 /* Resources */,
				51714505C9F6B47F98CE1413 /* [CP] Embed Pods Frameworks */,
			);
			buildRules = (
			);
			dependencies = (
			);
			name = SDPlayground;
			productName = SDPlayground;
			productReference = 776E83132655135600A3CE78 /* SDPlayground.app */;
			productType = "com.apple.product-type.application";
		};
		77DFF81027BBAEC000C1E60E /* CodeTest */ = {
			isa = PBXNativeTarget;
			buildConfigurationList = 77DFF82927BBAEC300C1E60E /* Build configuration list for PBXNativeTarget "CodeTest" */;
			buildPhases = (
				4248C751059FC8308EBCF8BE /* [CP] Check Pods Manifest.lock */,
				77DFF80D27BBAEC000C1E60E /* Sources */,
				77DFF80E27BBAEC000C1E60E /* Frameworks */,
				77DFF80F27BBAEC000C1E60E /* Resources */,
				C7B5A27FAA8187C74CDBA2D5 /* [CP] Embed Pods Frameworks */,
			);
			buildRules = (
			);
			dependencies = (
			);
			name = CodeTest;
			productName = CodeTest;
			productReference = 77DFF81127BBAEC000C1E60E /* CodeTest.app */;
			productType = "com.apple.product-type.application";
		};
		77DFF85727BDEC5200C1E60E /* Swift_Play */ = {
			isa = PBXNativeTarget;
			buildConfigurationList = 77DFF86B27BDEC5500C1E60E /* Build configuration list for PBXNativeTarget "Swift_Play" */;
			buildPhases = (
				77DFF85427BDEC5200C1E60E /* Sources */,
				77DFF85527BDEC5200C1E60E /* Frameworks */,
				77DFF85627BDEC5200C1E60E /* Resources */,
			);
			buildRules = (
			);
			dependencies = (
			);
			name = Swift_Play;
			productName = Swift_Play;
			productReference = 77DFF85827BDEC5200C1E60E /* Swift_Play.app */;
			productType = "com.apple.product-type.application";
		};
/* End PBXNativeTarget section */

/* Begin PBXProject section */
		776E830B2655135600A3CE78 /* Project object */ = {
			isa = PBXProject;
			attributes = {
				LastSwiftUpdateCheck = 1300;
				LastUpgradeCheck = 1240;
				TargetAttributes = {
					2A68C6AB27C7C949000EA47F = {
						CreatedOnToolsVersion = 13.1;
					};
					77534D462783F3DD007DAC63 = {
						CreatedOnToolsVersion = 13.0;
					};
					776E83122655135600A3CE78 = {
						CreatedOnToolsVersion = 12.4;
					};
					77DFF81027BBAEC000C1E60E = {
						CreatedOnToolsVersion = 13.0;
					};
					77DFF85727BDEC5200C1E60E = {
						CreatedOnToolsVersion = 13.0;
					};
				};
			};
			buildConfigurationList = 776E830E2655135600A3CE78 /* Build configuration list for PBXProject "SDPlayground" */;
			compatibilityVersion = "Xcode 9.3";
			developmentRegion = en;
			hasScannedForEncodings = 0;
			knownRegions = (
				en,
				Base,
			);
			mainGroup = 776E830A2655135600A3CE78;
			productRefGroup = 776E83142655135600A3CE78 /* Products */;
			projectDirPath = "";
			projectRoot = "";
			targets = (
				776E83122655135600A3CE78 /* SDPlayground */,
				77534D462783F3DD007DAC63 /* RAC_Play */,
				77DFF81027BBAEC000C1E60E /* CodeTest */,
				77DFF85727BDEC5200C1E60E /* Swift_Play */,
				2A68C6AB27C7C949000EA47F /* Code_Interview */,
			);
		};
/* End PBXProject section */

/* Begin PBXResourcesBuildPhase section */
		2A68C6AA27C7C949000EA47F /* Resources */ = {
			isa = PBXResourcesBuildPhase;
			buildActionMask = 2147483647;
			files = (
				2A68C6BE27C7C94A000EA47F /* LaunchScreen.storyboard in Resources */,
				2A68C6BB27C7C94A000EA47F /* Assets.xcassets in Resources */,
				2A68C6B927C7C949000EA47F /* Main.storyboard in Resources */,
			);
			runOnlyForDeploymentPostprocessing = 0;
		};
		77534D452783F3DD007DAC63 /* Resources */ = {
			isa = PBXResourcesBuildPhase;
			buildActionMask = 2147483647;
			files = (
				77534D592783F3DF007DAC63 /* LaunchScreen.storyboard in Resources */,
				77534D562783F3DF007DAC63 /* Assets.xcassets in Resources */,
				77534D542783F3DD007DAC63 /* Main.storyboard in Resources */,
			);
			runOnlyForDeploymentPostprocessing = 0;
		};
		776E83112655135600A3CE78 /* Resources */ = {
			isa = PBXResourcesBuildPhase;
			buildActionMask = 2147483647;
			files = (
				77C728E326FDE6950072322D /* SDAlertViewController.xib in Resources */,
				77F47E3726F44A0D00FF1359 /* SDPopViewController.xib in Resources */,
				776E83262655135800A3CE78 /* LaunchScreen.storyboard in Resources */,
				776E83232655135800A3CE78 /* Assets.xcassets in Resources */,
				776E83212655135600A3CE78 /* Main.storyboard in Resources */,
				77F47E4E26F5D81200FF1359 /* SDPresentedViewController.xib in Resources */,
				77F47E4926F5D80200FF1359 /* SDPresentingViewController.xib in Resources */,
				77F47E3226F4497000FF1359 /* SDPushViewController.xib in Resources */,
			);
			runOnlyForDeploymentPostprocessing = 0;
		};
		77DFF80F27BBAEC000C1E60E /* Resources */ = {
			isa = PBXResourcesBuildPhase;
			buildActionMask = 2147483647;
			files = (
				77DFF87327C37FCA00C1E60E /* ChatBaseTableViewCell.xib in Resources */,
				77DFF82327BBAEC300C1E60E /* LaunchScreen.storyboard in Resources */,
				77DFF82027BBAEC300C1E60E /* Assets.xcassets in Resources */,
				77DFF81E27BBAEC000C1E60E /* Main.storyboard in Resources */,
			);
			runOnlyForDeploymentPostprocessing = 0;
		};
		77DFF85627BDEC5200C1E60E /* Resources */ = {
			isa = PBXResourcesBuildPhase;
			buildActionMask = 2147483647;
			files = (
				77DFF86727BDEC5500C1E60E /* LaunchScreen.storyboard in Resources */,
				77DFF86427BDEC5500C1E60E /* Assets.xcassets in Resources */,
				77DFF86227BDEC5200C1E60E /* Main.storyboard in Resources */,
			);
			runOnlyForDeploymentPostprocessing = 0;
		};
/* End PBXResourcesBuildPhase section */

/* Begin PBXShellScriptBuildPhase section */
		4248C751059FC8308EBCF8BE /* [CP] Check Pods Manifest.lock */ = {
			isa = PBXShellScriptBuildPhase;
			buildActionMask = 2147483647;
			files = (
			);
			inputFileListPaths = (
			);
			inputPaths = (
				"${PODS_PODFILE_DIR_PATH}/Podfile.lock",
				"${PODS_ROOT}/Manifest.lock",
			);
			name = "[CP] Check Pods Manifest.lock";
			outputFileListPaths = (
			);
			outputPaths = (
				"$(DERIVED_FILE_DIR)/Pods-CodeTest-checkManifestLockResult.txt",
			);
			runOnlyForDeploymentPostprocessing = 0;
			shellPath = /bin/sh;
			shellScript = "diff \"${PODS_PODFILE_DIR_PATH}/Podfile.lock\" \"${PODS_ROOT}/Manifest.lock\" > /dev/null\nif [ $? != 0 ] ; then\n    # print error to STDERR\n    echo \"error: The sandbox is not in sync with the Podfile.lock. Run 'pod install' or update your CocoaPods installation.\" >&2\n    exit 1\nfi\n# This output is used by Xcode 'outputs' to avoid re-running this script phase.\necho \"SUCCESS\" > \"${SCRIPT_OUTPUT_FILE_0}\"\n";
			showEnvVarsInLog = 0;
		};
		51714505C9F6B47F98CE1413 /* [CP] Embed Pods Frameworks */ = {
			isa = PBXShellScriptBuildPhase;
			buildActionMask = 2147483647;
			files = (
			);
			inputFileListPaths = (
				"${PODS_ROOT}/Target Support Files/Pods-SDPlayground/Pods-SDPlayground-frameworks-${CONFIGURATION}-input-files.xcfilelist",
			);
			name = "[CP] Embed Pods Frameworks";
			outputFileListPaths = (
				"${PODS_ROOT}/Target Support Files/Pods-SDPlayground/Pods-SDPlayground-frameworks-${CONFIGURATION}-output-files.xcfilelist",
			);
			runOnlyForDeploymentPostprocessing = 0;
			shellPath = /bin/sh;
			shellScript = "\"${PODS_ROOT}/Target Support Files/Pods-SDPlayground/Pods-SDPlayground-frameworks.sh\"\n";
			showEnvVarsInLog = 0;
		};
		9BD53673C9A6A5FE5CFC903B /* [CP] Check Pods Manifest.lock */ = {
			isa = PBXShellScriptBuildPhase;
			buildActionMask = 2147483647;
			files = (
			);
			inputFileListPaths = (
			);
			inputPaths = (
				"${PODS_PODFILE_DIR_PATH}/Podfile.lock",
				"${PODS_ROOT}/Manifest.lock",
			);
			name = "[CP] Check Pods Manifest.lock";
			outputFileListPaths = (
			);
			outputPaths = (
				"$(DERIVED_FILE_DIR)/Pods-SDPlayground-checkManifestLockResult.txt",
			);
			runOnlyForDeploymentPostprocessing = 0;
			shellPath = /bin/sh;
			shellScript = "diff \"${PODS_PODFILE_DIR_PATH}/Podfile.lock\" \"${PODS_ROOT}/Manifest.lock\" > /dev/null\nif [ $? != 0 ] ; then\n    # print error to STDERR\n    echo \"error: The sandbox is not in sync with the Podfile.lock. Run 'pod install' or update your CocoaPods installation.\" >&2\n    exit 1\nfi\n# This output is used by Xcode 'outputs' to avoid re-running this script phase.\necho \"SUCCESS\" > \"${SCRIPT_OUTPUT_FILE_0}\"\n";
			showEnvVarsInLog = 0;
		};
		AAF1C14E00ABE77684E47215 /* [CP] Check Pods Manifest.lock */ = {
			isa = PBXShellScriptBuildPhase;
			buildActionMask = 2147483647;
			files = (
			);
			inputFileListPaths = (
			);
			inputPaths = (
				"${PODS_PODFILE_DIR_PATH}/Podfile.lock",
				"${PODS_ROOT}/Manifest.lock",
			);
			name = "[CP] Check Pods Manifest.lock";
			outputFileListPaths = (
			);
			outputPaths = (
				"$(DERIVED_FILE_DIR)/Pods-RAC_Play-checkManifestLockResult.txt",
			);
			runOnlyForDeploymentPostprocessing = 0;
			shellPath = /bin/sh;
			shellScript = "diff \"${PODS_PODFILE_DIR_PATH}/Podfile.lock\" \"${PODS_ROOT}/Manifest.lock\" > /dev/null\nif [ $? != 0 ] ; then\n    # print error to STDERR\n    echo \"error: The sandbox is not in sync with the Podfile.lock. Run 'pod install' or update your CocoaPods installation.\" >&2\n    exit 1\nfi\n# This output is used by Xcode 'outputs' to avoid re-running this script phase.\necho \"SUCCESS\" > \"${SCRIPT_OUTPUT_FILE_0}\"\n";
			showEnvVarsInLog = 0;
		};
		C02800BC757EF80091672F72 /* [CP] Embed Pods Frameworks */ = {
			isa = PBXShellScriptBuildPhase;
			buildActionMask = 2147483647;
			files = (
			);
			inputFileListPaths = (
				"${PODS_ROOT}/Target Support Files/Pods-RAC_Play/Pods-RAC_Play-frameworks-${CONFIGURATION}-input-files.xcfilelist",
			);
			name = "[CP] Embed Pods Frameworks";
			outputFileListPaths = (
				"${PODS_ROOT}/Target Support Files/Pods-RAC_Play/Pods-RAC_Play-frameworks-${CONFIGURATION}-output-files.xcfilelist",
			);
			runOnlyForDeploymentPostprocessing = 0;
			shellPath = /bin/sh;
			shellScript = "\"${PODS_ROOT}/Target Support Files/Pods-RAC_Play/Pods-RAC_Play-frameworks.sh\"\n";
			showEnvVarsInLog = 0;
		};
		C7B5A27FAA8187C74CDBA2D5 /* [CP] Embed Pods Frameworks */ = {
			isa = PBXShellScriptBuildPhase;
			buildActionMask = 2147483647;
			files = (
			);
			inputFileListPaths = (
				"${PODS_ROOT}/Target Support Files/Pods-CodeTest/Pods-CodeTest-frameworks-${CONFIGURATION}-input-files.xcfilelist",
			);
			name = "[CP] Embed Pods Frameworks";
			outputFileListPaths = (
				"${PODS_ROOT}/Target Support Files/Pods-CodeTest/Pods-CodeTest-frameworks-${CONFIGURATION}-output-files.xcfilelist",
			);
			runOnlyForDeploymentPostprocessing = 0;
			shellPath = /bin/sh;
			shellScript = "\"${PODS_ROOT}/Target Support Files/Pods-CodeTest/Pods-CodeTest-frameworks.sh\"\n";
			showEnvVarsInLog = 0;
		};
/* End PBXShellScriptBuildPhase section */

/* Begin PBXSourcesBuildPhase section */
		2A68C6A827C7C949000EA47F /* Sources */ = {
			isa = PBXSourcesBuildPhase;
			buildActionMask = 2147483647;
			files = (
				2A68C6D427C7C985000EA47F /* Person+A.m in Sources */,
				2A68C6D127C7C984000EA47F /* SubPerson.m in Sources */,
				2A68C6D227C7C984000EA47F /* Father.m in Sources */,
				2A68C6D927C7C9C5000EA47F /* MoveClickButton.m in Sources */,
				2A68C6D327C7C984000EA47F /* Person.m in Sources */,
				2A68C6B627C7C949000EA47F /* ViewController.m in Sources */,
				2A68C6B027C7C949000EA47F /* AppDelegate.m in Sources */,
				2A68C6C127C7C94A000EA47F /* main.m in Sources */,
				2A68C6D527C7C985000EA47F /* Person+B.m in Sources */,
				2A68C6B327C7C949000EA47F /* SceneDelegate.m in Sources */,
			);
			runOnlyForDeploymentPostprocessing = 0;
		};
		77534D432783F3DD007DAC63 /* Sources */ = {
			isa = PBXSourcesBuildPhase;
			buildActionMask = 2147483647;
			files = (
				77534D512783F3DD007DAC63 /* ViewController.m in Sources */,
				77534D4B2783F3DD007DAC63 /* AppDelegate.m in Sources */,
				77534D6C2787EE61007DAC63 /* TestView.m in Sources */,
				77534D5C2783F3DF007DAC63 /* main.m in Sources */,
				77534D4E2783F3DD007DAC63 /* SceneDelegate.m in Sources */,
			);
			runOnlyForDeploymentPostprocessing = 0;
		};
		776E830F2655135600A3CE78 /* Sources */ = {
			isa = PBXSourcesBuildPhase;
			buildActionMask = 2147483647;
			files = (
				7761F7D8267C37BC00066CFF /* RRWebViewController.m in Sources */,
				77F47E4426F5C9C800FF1359 /* SDOverlayAnimationController.m in Sources */,
				7761F7E2267C37D500066CFF /* CustomViewController.m in Sources */,
				7761F7E3267C37D500066CFF /* ListViewController.m in Sources */,
				77F47E4826F5D80200FF1359 /* SDPresentingViewController.m in Sources */,
				77F47E3126F4497000FF1359 /* SDPushViewController.m in Sources */,
				77F47E3B26F58B8C00FF1359 /* SDSlideAnimationController.m in Sources */,
				776E837526551E3500A3CE78 /* SDNavigationController.m in Sources */,
				776E835E2655150700A3CE78 /* RRSlidableProgressView.m in Sources */,
				7776F81B2754C77C00E3DF13 /* SDSettingViewController.m in Sources */,
				776E83182655135600A3CE78 /* AppDelegate.m in Sources */,
				77F47E5126F5D94900FF1359 /* SDModalTransitionDelegate.m in Sources */,
				7761F7D9267C37BC00066CFF /* RRTestViewController.m in Sources */,
				77C728E226FDE6950072322D /* SDAlertViewController.m in Sources */,
				77F47E5426F5F48600FF1359 /* SDOverlyPresentionController.m in Sources */,
				77F47E4126F5BA1100FF1359 /* SDCardAnimationController.m in Sources */,
				2A83376526F73FB3007C5828 /* SDTabBarVCDelegate.m in Sources */,
				77F47E3E26F58C6800FF1359 /* SDNavigationDelegate.m in Sources */,
				776E83292655135800A3CE78 /* main.m in Sources */,
				7761F7E4267C37D500066CFF /* CollectionViewController.m in Sources */,
				77F47E3626F44A0D00FF1359 /* SDPopViewController.m in Sources */,
				7761F7D7267C37BC00066CFF /* SDPagerController.m in Sources */,
				776E836F265519A400A3CE78 /* SDTabBarController.m in Sources */,
				77F47E4D26F5D81200FF1359 /* SDPresentedViewController.m in Sources */,
				7761F7EA267C38E200066CFF /* MenuViewController.m in Sources */,
				7761F7DA267C37BC00066CFF /* RRNewWebViewController.m in Sources */,
				7761F7E7267C380600066CFF /* SDSideViewController.m in Sources */,
			);
			runOnlyForDeploymentPostprocessing = 0;
		};
		77DFF80D27BBAEC000C1E60E /* Sources */ = {
			isa = PBXSourcesBuildPhase;
			buildActionMask = 2147483647;
			files = (
				77DFF87227C37FCA00C1E60E /* ChatBaseTableViewCell.m in Sources */,
				77DFF87827C3ABF900C1E60E /* ChatBaseCell.m in Sources */,
				2AF9164127C3E3F400C31734 /* YYFPSLabel.m in Sources */,
				77DFF81B27BBAEC000C1E60E /* CodeTestViewController.m in Sources */,
				2AF9164727C3E9F500C31734 /* ChatTextCell.m in Sources */,
				77DFF86E27C37E5C00C1E60E /* ChatTableViewController.m in Sources */,
				2AF9164427C3E48F00C31734 /* YYWeakProxy.m in Sources */,
				77DFF81527BBAEC000C1E60E /* AppDelegate.m in Sources */,
				77DFF82627BBAEC300C1E60E /* main.m in Sources */,
				77DFF81827BBAEC000C1E60E /* SceneDelegate.m in Sources */,
			);
			runOnlyForDeploymentPostprocessing = 0;
		};
		77DFF85427BDEC5200C1E60E /* Sources */ = {
			isa = PBXSourcesBuildPhase;
			buildActionMask = 2147483647;
			files = (
				77DFF85F27BDEC5200C1E60E /* ViewController.swift in Sources */,
				77DFF85B27BDEC5200C1E60E /* AppDelegate.swift in Sources */,
				77DFF85D27BDEC5200C1E60E /* SceneDelegate.swift in Sources */,
			);
			runOnlyForDeploymentPostprocessing = 0;
		};
/* End PBXSourcesBuildPhase section */

/* Begin PBXVariantGroup section */
		2A68C6B727C7C949000EA47F /* Main.storyboard */ = {
			isa = PBXVariantGroup;
			children = (
				2A68C6B827C7C949000EA47F /* Base */,
			);
			name = Main.storyboard;
			sourceTree = "<group>";
		};
		2A68C6BC27C7C94A000EA47F /* LaunchScreen.storyboard */ = {
			isa = PBXVariantGroup;
			children = (
				2A68C6BD27C7C94A000EA47F /* Base */,
			);
			name = LaunchScreen.storyboard;
			sourceTree = "<group>";
		};
		77534D522783F3DD007DAC63 /* Main.storyboard */ = {
			isa = PBXVariantGroup;
			children = (
				77534D532783F3DD007DAC63 /* Base */,
			);
			name = Main.storyboard;
			sourceTree = "<group>";
		};
		77534D572783F3DF007DAC63 /* LaunchScreen.storyboard */ = {
			isa = PBXVariantGroup;
			children = (
				77534D582783F3DF007DAC63 /* Base */,
			);
			name = LaunchScreen.storyboard;
			sourceTree = "<group>";
		};
		776E831F2655135600A3CE78 /* Main.storyboard */ = {
			isa = PBXVariantGroup;
			children = (
				776E83202655135600A3CE78 /* Base */,
			);
			name = Main.storyboard;
			sourceTree = "<group>";
		};
		776E83242655135800A3CE78 /* LaunchScreen.storyboard */ = {
			isa = PBXVariantGroup;
			children = (
				776E83252655135800A3CE78 /* Base */,
			);
			name = LaunchScreen.storyboard;
			sourceTree = "<group>";
		};
		77DFF81C27BBAEC000C1E60E /* Main.storyboard */ = {
			isa = PBXVariantGroup;
			children = (
				77DFF81D27BBAEC000C1E60E /* Base */,
			);
			name = Main.storyboard;
			sourceTree = "<group>";
		};
		77DFF82127BBAEC300C1E60E /* LaunchScreen.storyboard */ = {
			isa = PBXVariantGroup;
			children = (
				77DFF82227BBAEC300C1E60E /* Base */,
			);
			name = LaunchScreen.storyboard;
			sourceTree = "<group>";
		};
		77DFF86027BDEC5200C1E60E /* Main.storyboard */ = {
			isa = PBXVariantGroup;
			children = (
				77DFF86127BDEC5200C1E60E /* Base */,
			);
			name = Main.storyboard;
			sourceTree = "<group>";
		};
		77DFF86527BDEC5500C1E60E /* LaunchScreen.storyboard */ = {
			isa = PBXVariantGroup;
			children = (
				77DFF86627BDEC5500C1E60E /* Base */,
			);
			name = LaunchScreen.storyboard;
			sourceTree = "<group>";
		};
/* End PBXVariantGroup section */

/* Begin XCBuildConfiguration section */
		2A68C6C227C7C94A000EA47F /* Debug */ = {
			isa = XCBuildConfiguration;
			buildSettings = {
				ASSETCATALOG_COMPILER_APPICON_NAME = AppIcon;
				ASSETCATALOG_COMPILER_GLOBAL_ACCENT_COLOR_NAME = AccentColor;
				CLANG_CXX_LANGUAGE_STANDARD = "gnu++17";
				CODE_SIGN_STYLE = Automatic;
				CURRENT_PROJECT_VERSION = 1;
				DEVELOPMENT_TEAM = MYDTTEQ9YB;
				GENERATE_INFOPLIST_FILE = YES;
				INFOPLIST_FILE = Code_Interview/Info.plist;
				INFOPLIST_KEY_UIApplicationSupportsIndirectInputEvents = YES;
				INFOPLIST_KEY_UILaunchStoryboardName = LaunchScreen;
				INFOPLIST_KEY_UIMainStoryboardFile = Main;
				INFOPLIST_KEY_UISupportedInterfaceOrientations_iPad = "UIInterfaceOrientationPortrait UIInterfaceOrientationPortraitUpsideDown UIInterfaceOrientationLandscapeLeft UIInterfaceOrientationLandscapeRight";
				INFOPLIST_KEY_UISupportedInterfaceOrientations_iPhone = "UIInterfaceOrientationPortrait UIInterfaceOrientationLandscapeLeft UIInterfaceOrientationLandscapeRight";
				IPHONEOS_DEPLOYMENT_TARGET = 15.0;
				LD_RUNPATH_SEARCH_PATHS = (
					"$(inherited)",
					"@executable_path/Frameworks",
				);
				MARKETING_VERSION = 1.0;
				PRODUCT_BUNDLE_IDENTIFIER = "sclcoder.Code-Interview";
				PRODUCT_NAME = "$(TARGET_NAME)";
				SWIFT_EMIT_LOC_STRINGS = YES;
				TARGETED_DEVICE_FAMILY = "1,2";
			};
			name = Debug;
		};
		2A68C6C327C7C94A000EA47F /* Release */ = {
			isa = XCBuildConfiguration;
			buildSettings = {
				ASSETCATALOG_COMPILER_APPICON_NAME = AppIcon;
				ASSETCATALOG_COMPILER_GLOBAL_ACCENT_COLOR_NAME = AccentColor;
				CLANG_CXX_LANGUAGE_STANDARD = "gnu++17";
				CODE_SIGN_STYLE = Automatic;
				CURRENT_PROJECT_VERSION = 1;
				DEVELOPMENT_TEAM = MYDTTEQ9YB;
				GENERATE_INFOPLIST_FILE = YES;
				INFOPLIST_FILE = Code_Interview/Info.plist;
				INFOPLIST_KEY_UIApplicationSupportsIndirectInputEvents = YES;
				INFOPLIST_KEY_UILaunchStoryboardName = LaunchScreen;
				INFOPLIST_KEY_UIMainStoryboardFile = Main;
				INFOPLIST_KEY_UISupportedInterfaceOrientations_iPad = "UIInterfaceOrientationPortrait UIInterfaceOrientationPortraitUpsideDown UIInterfaceOrientationLandscapeLeft UIInterfaceOrientationLandscapeRight";
				INFOPLIST_KEY_UISupportedInterfaceOrientations_iPhone = "UIInterfaceOrientationPortrait UIInterfaceOrientationLandscapeLeft UIInterfaceOrientationLandscapeRight";
				IPHONEOS_DEPLOYMENT_TARGET = 15.0;
				LD_RUNPATH_SEARCH_PATHS = (
					"$(inherited)",
					"@executable_path/Frameworks",
				);
				MARKETING_VERSION = 1.0;
				PRODUCT_BUNDLE_IDENTIFIER = "sclcoder.Code-Interview";
				PRODUCT_NAME = "$(TARGET_NAME)";
				SWIFT_EMIT_LOC_STRINGS = YES;
				TARGETED_DEVICE_FAMILY = "1,2";
			};
			name = Release;
		};
		77534D5D2783F3DF007DAC63 /* Debug */ = {
			isa = XCBuildConfiguration;
			baseConfigurationReference = AD667EEFE85DB91C419CEE86 /* Pods-RAC_Play.debug.xcconfig */;
			buildSettings = {
				ASSETCATALOG_COMPILER_APPICON_NAME = AppIcon;
				ASSETCATALOG_COMPILER_GLOBAL_ACCENT_COLOR_NAME = AccentColor;
				CLANG_CXX_LANGUAGE_STANDARD = "gnu++17";
				CODE_SIGN_STYLE = Automatic;
				CURRENT_PROJECT_VERSION = 1;
				DEVELOPMENT_TEAM = 687C4JR3J3;
				GENERATE_INFOPLIST_FILE = YES;
				INFOPLIST_FILE = RAC_Play/Info.plist;
				INFOPLIST_KEY_UIApplicationSupportsIndirectInputEvents = YES;
				INFOPLIST_KEY_UILaunchStoryboardName = LaunchScreen;
				INFOPLIST_KEY_UIMainStoryboardFile = Main;
				INFOPLIST_KEY_UISupportedInterfaceOrientations_iPad = "UIInterfaceOrientationPortrait UIInterfaceOrientationPortraitUpsideDown UIInterfaceOrientationLandscapeLeft UIInterfaceOrientationLandscapeRight";
				INFOPLIST_KEY_UISupportedInterfaceOrientations_iPhone = "UIInterfaceOrientationPortrait UIInterfaceOrientationLandscapeLeft UIInterfaceOrientationLandscapeRight";
				IPHONEOS_DEPLOYMENT_TARGET = 12.0;
				LD_RUNPATH_SEARCH_PATHS = (
					"$(inherited)",
					"@executable_path/Frameworks",
				);
				MARKETING_VERSION = 1.0;
				PRODUCT_BUNDLE_IDENTIFIER = "com.renren.RAC-Play";
				PRODUCT_NAME = "$(TARGET_NAME)";
				SWIFT_EMIT_LOC_STRINGS = YES;
				TARGETED_DEVICE_FAMILY = "1,2";
			};
			name = Debug;
		};
		77534D5E2783F3DF007DAC63 /* Release */ = {
			isa = XCBuildConfiguration;
			baseConfigurationReference = 9FD66984320A9A02276F27C6 /* Pods-RAC_Play.release.xcconfig */;
			buildSettings = {
				ASSETCATALOG_COMPILER_APPICON_NAME = AppIcon;
				ASSETCATALOG_COMPILER_GLOBAL_ACCENT_COLOR_NAME = AccentColor;
				CLANG_CXX_LANGUAGE_STANDARD = "gnu++17";
				CODE_SIGN_STYLE = Automatic;
				CURRENT_PROJECT_VERSION = 1;
				DEVELOPMENT_TEAM = 687C4JR3J3;
				GENERATE_INFOPLIST_FILE = YES;
				INFOPLIST_FILE = RAC_Play/Info.plist;
				INFOPLIST_KEY_UIApplicationSupportsIndirectInputEvents = YES;
				INFOPLIST_KEY_UILaunchStoryboardName = LaunchScreen;
				INFOPLIST_KEY_UIMainStoryboardFile = Main;
				INFOPLIST_KEY_UISupportedInterfaceOrientations_iPad = "UIInterfaceOrientationPortrait UIInterfaceOrientationPortraitUpsideDown UIInterfaceOrientationLandscapeLeft UIInterfaceOrientationLandscapeRight";
				INFOPLIST_KEY_UISupportedInterfaceOrientations_iPhone = "UIInterfaceOrientationPortrait UIInterfaceOrientationLandscapeLeft UIInterfaceOrientationLandscapeRight";
				IPHONEOS_DEPLOYMENT_TARGET = 12.0;
				LD_RUNPATH_SEARCH_PATHS = (
					"$(inherited)",
					"@executable_path/Frameworks",
				);
				MARKETING_VERSION = 1.0;
				PRODUCT_BUNDLE_IDENTIFIER = "com.renren.RAC-Play";
				PRODUCT_NAME = "$(TARGET_NAME)";
				SWIFT_EMIT_LOC_STRINGS = YES;
				TARGETED_DEVICE_FAMILY = "1,2";
			};
			name = Release;
		};
		776E832A2655135800A3CE78 /* Debug */ = {
			isa = XCBuildConfiguration;
			buildSettings = {
				ALWAYS_SEARCH_USER_PATHS = NO;
				CLANG_ANALYZER_NONNULL = YES;
				CLANG_ANALYZER_NUMBER_OBJECT_CONVERSION = YES_AGGRESSIVE;
				CLANG_CXX_LANGUAGE_STANDARD = "gnu++14";
				CLANG_CXX_LIBRARY = "libc++";
				CLANG_ENABLE_MODULES = YES;
				CLANG_ENABLE_OBJC_ARC = YES;
				CLANG_ENABLE_OBJC_WEAK = YES;
				CLANG_WARN_BLOCK_CAPTURE_AUTORELEASING = YES;
				CLANG_WARN_BOOL_CONVERSION = YES;
				CLANG_WARN_COMMA = YES;
				CLANG_WARN_CONSTANT_CONVERSION = YES;
				CLANG_WARN_DEPRECATED_OBJC_IMPLEMENTATIONS = YES;
				CLANG_WARN_DIRECT_OBJC_ISA_USAGE = YES_ERROR;
				CLANG_WARN_DOCUMENTATION_COMMENTS = YES;
				CLANG_WARN_EMPTY_BODY = YES;
				CLANG_WARN_ENUM_CONVERSION = YES;
				CLANG_WARN_INFINITE_RECURSION = YES;
				CLANG_WARN_INT_CONVERSION = YES;
				CLANG_WARN_NON_LITERAL_NULL_CONVERSION = YES;
				CLANG_WARN_OBJC_IMPLICIT_RETAIN_SELF = YES;
				CLANG_WARN_OBJC_LITERAL_CONVERSION = YES;
				CLANG_WARN_OBJC_ROOT_CLASS = YES_ERROR;
				CLANG_WARN_QUOTED_INCLUDE_IN_FRAMEWORK_HEADER = YES;
				CLANG_WARN_RANGE_LOOP_ANALYSIS = YES;
				CLANG_WARN_STRICT_PROTOTYPES = YES;
				CLANG_WARN_SUSPICIOUS_MOVE = YES;
				CLANG_WARN_UNGUARDED_AVAILABILITY = YES_AGGRESSIVE;
				CLANG_WARN_UNREACHABLE_CODE = YES;
				CLANG_WARN__DUPLICATE_METHOD_MATCH = YES;
				COPY_PHASE_STRIP = NO;
				DEBUG_INFORMATION_FORMAT = dwarf;
				ENABLE_STRICT_OBJC_MSGSEND = YES;
				ENABLE_TESTABILITY = YES;
				FRAMEWORK_SEARCH_PATHS = "";
				GCC_C_LANGUAGE_STANDARD = gnu11;
				GCC_DYNAMIC_NO_PIC = NO;
				GCC_NO_COMMON_BLOCKS = YES;
				GCC_OPTIMIZATION_LEVEL = 0;
				GCC_PREPROCESSOR_DEFINITIONS = (
					"DEBUG=1",
					"$(inherited)",
				);
				GCC_WARN_64_TO_32_BIT_CONVERSION = YES;
				GCC_WARN_ABOUT_RETURN_TYPE = YES_ERROR;
				GCC_WARN_UNDECLARED_SELECTOR = YES;
				GCC_WARN_UNINITIALIZED_AUTOS = YES_AGGRESSIVE;
				GCC_WARN_UNUSED_FUNCTION = YES;
				GCC_WARN_UNUSED_VARIABLE = YES;
				IPHONEOS_DEPLOYMENT_TARGET = 14.4;
				MTL_ENABLE_DEBUG_INFO = INCLUDE_SOURCE;
				MTL_FAST_MATH = YES;
				ONLY_ACTIVE_ARCH = YES;
				SDKROOT = iphoneos;
			};
			name = Debug;
		};
		776E832B2655135800A3CE78 /* Release */ = {
			isa = XCBuildConfiguration;
			buildSettings = {
				ALWAYS_SEARCH_USER_PATHS = NO;
				CLANG_ANALYZER_NONNULL = YES;
				CLANG_ANALYZER_NUMBER_OBJECT_CONVERSION = YES_AGGRESSIVE;
				CLANG_CXX_LANGUAGE_STANDARD = "gnu++14";
				CLANG_CXX_LIBRARY = "libc++";
				CLANG_ENABLE_MODULES = YES;
				CLANG_ENABLE_OBJC_ARC = YES;
				CLANG_ENABLE_OBJC_WEAK = YES;
				CLANG_WARN_BLOCK_CAPTURE_AUTORELEASING = YES;
				CLANG_WARN_BOOL_CONVERSION = YES;
				CLANG_WARN_COMMA = YES;
				CLANG_WARN_CONSTANT_CONVERSION = YES;
				CLANG_WARN_DEPRECATED_OBJC_IMPLEMENTATIONS = YES;
				CLANG_WARN_DIRECT_OBJC_ISA_USAGE = YES_ERROR;
				CLANG_WARN_DOCUMENTATION_COMMENTS = YES;
				CLANG_WARN_EMPTY_BODY = YES;
				CLANG_WARN_ENUM_CONVERSION = YES;
				CLANG_WARN_INFINITE_RECURSION = YES;
				CLANG_WARN_INT_CONVERSION = YES;
				CLANG_WARN_NON_LITERAL_NULL_CONVERSION = YES;
				CLANG_WARN_OBJC_IMPLICIT_RETAIN_SELF = YES;
				CLANG_WARN_OBJC_LITERAL_CONVERSION = YES;
				CLANG_WARN_OBJC_ROOT_CLASS = YES_ERROR;
				CLANG_WARN_QUOTED_INCLUDE_IN_FRAMEWORK_HEADER = YES;
				CLANG_WARN_RANGE_LOOP_ANALYSIS = YES;
				CLANG_WARN_STRICT_PROTOTYPES = YES;
				CLANG_WARN_SUSPICIOUS_MOVE = YES;
				CLANG_WARN_UNGUARDED_AVAILABILITY = YES_AGGRESSIVE;
				CLANG_WARN_UNREACHABLE_CODE = YES;
				CLANG_WARN__DUPLICATE_METHOD_MATCH = YES;
				COPY_PHASE_STRIP = NO;
				DEBUG_INFORMATION_FORMAT = "dwarf-with-dsym";
				ENABLE_NS_ASSERTIONS = NO;
				ENABLE_STRICT_OBJC_MSGSEND = YES;
				FRAMEWORK_SEARCH_PATHS = "";
				GCC_C_LANGUAGE_STANDARD = gnu11;
				GCC_NO_COMMON_BLOCKS = YES;
				GCC_WARN_64_TO_32_BIT_CONVERSION = YES;
				GCC_WARN_ABOUT_RETURN_TYPE = YES_ERROR;
				GCC_WARN_UNDECLARED_SELECTOR = YES;
				GCC_WARN_UNINITIALIZED_AUTOS = YES_AGGRESSIVE;
				GCC_WARN_UNUSED_FUNCTION = YES;
				GCC_WARN_UNUSED_VARIABLE = YES;
				IPHONEOS_DEPLOYMENT_TARGET = 14.4;
				MTL_ENABLE_DEBUG_INFO = NO;
				MTL_FAST_MATH = YES;
				SDKROOT = iphoneos;
				VALIDATE_PRODUCT = YES;
			};
			name = Release;
		};
		776E832D2655135800A3CE78 /* Debug */ = {
			isa = XCBuildConfiguration;
			baseConfigurationReference = 152B8E566FC49531A03B21D1 /* Pods-SDPlayground.debug.xcconfig */;
			buildSettings = {
				ASSETCATALOG_COMPILER_APPICON_NAME = AppIcon;
				ASSETCATALOG_COMPILER_GLOBAL_ACCENT_COLOR_NAME = AccentColor;
				CLANG_ENABLE_OBJC_WEAK = NO;
				CODE_SIGN_IDENTITY = "Apple Development";
				CODE_SIGN_STYLE = Automatic;
				CURRENT_PROJECT_VERSION = 4;
				DEVELOPMENT_TEAM = 687C4JR3J3;
				GCC_PRECOMPILE_PREFIX_HEADER = YES;
				GCC_PREFIX_HEADER = "$(SRCROOT)/SDPlayground/SDPlayground.pch";
				INFOPLIST_FILE = SDPlayground/Info.plist;
				IPHONEOS_DEPLOYMENT_TARGET = 11.0;
				LD_RUNPATH_SEARCH_PATHS = (
					"$(inherited)",
					"@executable_path/Frameworks",
				);
				PRODUCT_BUNDLE_IDENTIFIER = com.renren.play;
				PRODUCT_NAME = "$(TARGET_NAME)";
				PROVISIONING_PROFILE_SPECIFIER = "";
				TARGETED_DEVICE_FAMILY = "1,2";
				VERSIONING_SYSTEM = "apple-generic";
			};
			name = Debug;
		};
		776E832E2655135800A3CE78 /* Release */ = {
			isa = XCBuildConfiguration;
			baseConfigurationReference = 79D60551F6E6B3230BB70B68 /* Pods-SDPlayground.release.xcconfig */;
			buildSettings = {
				ASSETCATALOG_COMPILER_APPICON_NAME = AppIcon;
				ASSETCATALOG_COMPILER_GLOBAL_ACCENT_COLOR_NAME = AccentColor;
				CLANG_ENABLE_OBJC_WEAK = NO;
				CODE_SIGN_IDENTITY = "Apple Development";
				CODE_SIGN_STYLE = Automatic;
				CURRENT_PROJECT_VERSION = 4;
				DEVELOPMENT_TEAM = 687C4JR3J3;
				GCC_PRECOMPILE_PREFIX_HEADER = YES;
				GCC_PREFIX_HEADER = "$(SRCROOT)/SDPlayground/SDPlayground.pch";
				INFOPLIST_FILE = SDPlayground/Info.plist;
				IPHONEOS_DEPLOYMENT_TARGET = 11.0;
				LD_RUNPATH_SEARCH_PATHS = (
					"$(inherited)",
					"@executable_path/Frameworks",
				);
				PRODUCT_BUNDLE_IDENTIFIER = com.renren.play;
				PRODUCT_NAME = "$(TARGET_NAME)";
				PROVISIONING_PROFILE_SPECIFIER = "";
				TARGETED_DEVICE_FAMILY = "1,2";
				VERSIONING_SYSTEM = "apple-generic";
			};
			name = Release;
		};
		77DFF82727BBAEC300C1E60E /* Debug */ = {
			isa = XCBuildConfiguration;
			baseConfigurationReference = D04B0486FB92B69A29228010 /* Pods-CodeTest.debug.xcconfig */;
			buildSettings = {
				ASSETCATALOG_COMPILER_APPICON_NAME = AppIcon;
				ASSETCATALOG_COMPILER_GLOBAL_ACCENT_COLOR_NAME = AccentColor;
				CLANG_CXX_LANGUAGE_STANDARD = "gnu++17";
				CODE_SIGN_STYLE = Automatic;
				CURRENT_PROJECT_VERSION = 1;
				DEVELOPMENT_TEAM = 687C4JR3J3;
				GENERATE_INFOPLIST_FILE = YES;
				INFOPLIST_FILE = CodeTest/Info.plist;
				INFOPLIST_KEY_UIApplicationSupportsIndirectInputEvents = YES;
				INFOPLIST_KEY_UILaunchStoryboardName = LaunchScreen;
				INFOPLIST_KEY_UIMainStoryboardFile = Main;
				INFOPLIST_KEY_UISupportedInterfaceOrientations_iPad = "UIInterfaceOrientationPortrait UIInterfaceOrientationPortraitUpsideDown UIInterfaceOrientationLandscapeLeft UIInterfaceOrientationLandscapeRight";
				INFOPLIST_KEY_UISupportedInterfaceOrientations_iPhone = "UIInterfaceOrientationPortrait UIInterfaceOrientationLandscapeLeft UIInterfaceOrientationLandscapeRight";
				IPHONEOS_DEPLOYMENT_TARGET = 11.0;
				LD_RUNPATH_SEARCH_PATHS = (
					"$(inherited)",
					"@executable_path/Frameworks",
				);
				MARKETING_VERSION = 1.0;
				PRODUCT_BUNDLE_IDENTIFIER = com.renren.CodeTest;
				PRODUCT_NAME = "$(TARGET_NAME)";
				SWIFT_EMIT_LOC_STRINGS = YES;
				TARGETED_DEVICE_FAMILY = "1,2";
			};
			name = Debug;
		};
		77DFF82827BBAEC300C1E60E /* Release */ = {
			isa = XCBuildConfiguration;
			baseConfigurationReference = 2E5336FA597F17073BD773E3 /* Pods-CodeTest.release.xcconfig */;
			buildSettings = {
				ASSETCATALOG_COMPILER_APPICON_NAME = AppIcon;
				ASSETCATALOG_COMPILER_GLOBAL_ACCENT_COLOR_NAME = AccentColor;
				CLANG_CXX_LANGUAGE_STANDARD = "gnu++17";
				CODE_SIGN_STYLE = Automatic;
				CURRENT_PROJECT_VERSION = 1;
				DEVELOPMENT_TEAM = 687C4JR3J3;
				GENERATE_INFOPLIST_FILE = YES;
				INFOPLIST_FILE = CodeTest/Info.plist;
				INFOPLIST_KEY_UIApplicationSupportsIndirectInputEvents = YES;
				INFOPLIST_KEY_UILaunchStoryboardName = LaunchScreen;
				INFOPLIST_KEY_UIMainStoryboardFile = Main;
				INFOPLIST_KEY_UISupportedInterfaceOrientations_iPad = "UIInterfaceOrientationPortrait UIInterfaceOrientationPortraitUpsideDown UIInterfaceOrientationLandscapeLeft UIInterfaceOrientationLandscapeRight";
				INFOPLIST_KEY_UISupportedInterfaceOrientations_iPhone = "UIInterfaceOrientationPortrait UIInterfaceOrientationLandscapeLeft UIInterfaceOrientationLandscapeRight";
				IPHONEOS_DEPLOYMENT_TARGET = 11.0;
				LD_RUNPATH_SEARCH_PATHS = (
					"$(inherited)",
					"@executable_path/Frameworks",
				);
				MARKETING_VERSION = 1.0;
				PRODUCT_BUNDLE_IDENTIFIER = com.renren.CodeTest;
				PRODUCT_NAME = "$(TARGET_NAME)";
				SWIFT_EMIT_LOC_STRINGS = YES;
				TARGETED_DEVICE_FAMILY = "1,2";
			};
			name = Release;
		};
		77DFF86927BDEC5500C1E60E /* Debug */ = {
			isa = XCBuildConfiguration;
			buildSettings = {
				ASSETCATALOG_COMPILER_APPICON_NAME = AppIcon;
				ASSETCATALOG_COMPILER_GLOBAL_ACCENT_COLOR_NAME = AccentColor;
				CLANG_CXX_LANGUAGE_STANDARD = "gnu++17";
				CODE_SIGN_STYLE = Automatic;
				CURRENT_PROJECT_VERSION = 1;
				DEVELOPMENT_TEAM = 687C4JR3J3;
				GENERATE_INFOPLIST_FILE = YES;
				INFOPLIST_FILE = Swift_Play/Info.plist;
				INFOPLIST_KEY_UIApplicationSupportsIndirectInputEvents = YES;
				INFOPLIST_KEY_UILaunchStoryboardName = LaunchScreen;
				INFOPLIST_KEY_UIMainStoryboardFile = Main;
				INFOPLIST_KEY_UISupportedInterfaceOrientations_iPad = "UIInterfaceOrientationPortrait UIInterfaceOrientationPortraitUpsideDown UIInterfaceOrientationLandscapeLeft UIInterfaceOrientationLandscapeRight";
				INFOPLIST_KEY_UISupportedInterfaceOrientations_iPhone = "UIInterfaceOrientationPortrait UIInterfaceOrientationLandscapeLeft UIInterfaceOrientationLandscapeRight";
				IPHONEOS_DEPLOYMENT_TARGET = 13.0;
				LD_RUNPATH_SEARCH_PATHS = (
					"$(inherited)",
					"@executable_path/Frameworks",
				);
				MARKETING_VERSION = 1.0;
				PRODUCT_BUNDLE_IDENTIFIER = "com.renren.Swift-Play";
				PRODUCT_NAME = "$(TARGET_NAME)";
				SWIFT_ACTIVE_COMPILATION_CONDITIONS = DEBUG;
				SWIFT_EMIT_LOC_STRINGS = YES;
				SWIFT_OPTIMIZATION_LEVEL = "-Onone";
				SWIFT_VERSION = 5.0;
				TARGETED_DEVICE_FAMILY = "1,2";
			};
			name = Debug;
		};
		77DFF86A27BDEC5500C1E60E /* Release */ = {
			isa = XCBuildConfiguration;
			buildSettings = {
				ASSETCATALOG_COMPILER_APPICON_NAME = AppIcon;
				ASSETCATALOG_COMPILER_GLOBAL_ACCENT_COLOR_NAME = AccentColor;
				CLANG_CXX_LANGUAGE_STANDARD = "gnu++17";
				CODE_SIGN_STYLE = Automatic;
				CURRENT_PROJECT_VERSION = 1;
				DEVELOPMENT_TEAM = 687C4JR3J3;
				GENERATE_INFOPLIST_FILE = YES;
				INFOPLIST_FILE = Swift_Play/Info.plist;
				INFOPLIST_KEY_UIApplicationSupportsIndirectInputEvents = YES;
				INFOPLIST_KEY_UILaunchStoryboardName = LaunchScreen;
				INFOPLIST_KEY_UIMainStoryboardFile = Main;
				INFOPLIST_KEY_UISupportedInterfaceOrientations_iPad = "UIInterfaceOrientationPortrait UIInterfaceOrientationPortraitUpsideDown UIInterfaceOrientationLandscapeLeft UIInterfaceOrientationLandscapeRight";
				INFOPLIST_KEY_UISupportedInterfaceOrientations_iPhone = "UIInterfaceOrientationPortrait UIInterfaceOrientationLandscapeLeft UIInterfaceOrientationLandscapeRight";
				IPHONEOS_DEPLOYMENT_TARGET = 13.0;
				LD_RUNPATH_SEARCH_PATHS = (
					"$(inherited)",
					"@executable_path/Frameworks",
				);
				MARKETING_VERSION = 1.0;
				PRODUCT_BUNDLE_IDENTIFIER = "com.renren.Swift-Play";
				PRODUCT_NAME = "$(TARGET_NAME)";
				SWIFT_COMPILATION_MODE = wholemodule;
				SWIFT_EMIT_LOC_STRINGS = YES;
				SWIFT_OPTIMIZATION_LEVEL = "-O";
				SWIFT_VERSION = 5.0;
				TARGETED_DEVICE_FAMILY = "1,2";
			};
			name = Release;
		};
/* End XCBuildConfiguration section */

/* Begin XCConfigurationList section */
		2A68C6C427C7C94A000EA47F /* Build configuration list for PBXNativeTarget "Code_Interview" */ = {
			isa = XCConfigurationList;
			buildConfigurations = (
				2A68C6C227C7C94A000EA47F /* Debug */,
				2A68C6C327C7C94A000EA47F /* Release */,
			);
			defaultConfigurationIsVisible = 0;
			defaultConfigurationName = Release;
		};
		77534D5F2783F3DF007DAC63 /* Build configuration list for PBXNativeTarget "RAC_Play" */ = {
			isa = XCConfigurationList;
			buildConfigurations = (
				77534D5D2783F3DF007DAC63 /* Debug */,
				77534D5E2783F3DF007DAC63 /* Release */,
			);
			defaultConfigurationIsVisible = 0;
			defaultConfigurationName = Release;
		};
		776E830E2655135600A3CE78 /* Build configuration list for PBXProject "SDPlayground" */ = {
			isa = XCConfigurationList;
			buildConfigurations = (
				776E832A2655135800A3CE78 /* Debug */,
				776E832B2655135800A3CE78 /* Release */,
			);
			defaultConfigurationIsVisible = 0;
			defaultConfigurationName = Release;
		};
		776E832C2655135800A3CE78 /* Build configuration list for PBXNativeTarget "SDPlayground" */ = {
			isa = XCConfigurationList;
			buildConfigurations = (
				776E832D2655135800A3CE78 /* Debug */,
				776E832E2655135800A3CE78 /* Release */,
			);
			defaultConfigurationIsVisible = 0;
			defaultConfigurationName = Release;
		};
		77DFF82927BBAEC300C1E60E /* Build configuration list for PBXNativeTarget "CodeTest" */ = {
			isa = XCConfigurationList;
			buildConfigurations = (
				77DFF82727BBAEC300C1E60E /* Debug */,
				77DFF82827BBAEC300C1E60E /* Release */,
			);
			defaultConfigurationIsVisible = 0;
			defaultConfigurationName = Release;
		};
		77DFF86B27BDEC5500C1E60E /* Build configuration list for PBXNativeTarget "Swift_Play" */ = {
			isa = XCConfigurationList;
			buildConfigurations = (
				77DFF86927BDEC5500C1E60E /* Debug */,
				77DFF86A27BDEC5500C1E60E /* Release */,
			);
			defaultConfigurationIsVisible = 0;
			defaultConfigurationName = Release;
		};
/* End XCConfigurationList section */
	};
	rootObject = 776E830B2655135600A3CE78 /* Project object */;
}
