PODS:
  - AFNetworking/NSURLSession (4.0.1):
    - AFNetworking/Reachability
    - AFNetworking/Security
    - AFNetworking/Serialization
  - AFNetworking/Reachability (4.0.1)
  - AFNetworking/Security (4.0.1)
  - AFNetworking/Serialization (4.0.1)
  - CWLateralSlide (1.6.5)
  - DoraemonKit/Core (3.0.7):
    - FMDB
    - GCDWebServer
    - GCDWebServer/WebDAV
    - GCDWebServer/WebUploader
  - FLAnimatedImage (1.0.16)
  - FMDB (2.7.5):
    - FMDB/standard (= 2.7.5)
  - FMDB/standard (2.7.5)
  - FWSideMenu (2.1.1)
  - GCDWebServer (3.5.4):
    - GCDWebServer/Core (= 3.5.4)
  - GCDWebServer/Core (3.5.4)
  - GCDWebServer/WebDAV (3.5.4):
    - GCDWebServer/Core
  - GCDWebServer/WebUploader (3.5.4):
    - GCDWebServer/Core
  - LEEAlert (1.4.3)
  - M80AttributedLabel (1.9.9)
  - Masonry (1.1.0)
  - MJRefresh (3.7.2)
  - NIMKit/Core (3.4.4):
    - FLAnimatedImage (~> 1.0.12)
    - M80AttributedLabel (~> 1.9.9)
    - SDWebImage (~> 5.0.6)
    - Toast (~> 3.0)
    - TZImagePickerController (~> 3.5.2)
    - YYImage (~> 1.0.4)
    - YYImage/WebP (~> 1.0.4)
  - NIMKit/Full (3.4.4):
    - NIMKit/Core
    - NIMSDK (~> 8.4.4)
  - NIMSDK (8.4.4)
  - QMUIKit (4.2.3):
    - QMUIKit/QMUIComponents (= 4.2.3)
    - QMUIKit/QMUICore (= 4.2.3)
    - QMUIKit/QMUILog (= 4.2.3)
    - QMUIKit/QMUIMainFrame (= 4.2.3)
    - QMUIKit/QMUIResources (= 4.2.3)
    - QMUIKit/QMUIWeakObjectContainer (= 4.2.3)
  - QMUIKit/QMUIComponents (4.2.3):
    - QMUIKit/QMUIComponents/NavigationBarTransition (= 4.2.3)
    - QMUIKit/QMUIComponents/QMUIAlertController (= 4.2.3)
    - QMUIKit/QMUIComponents/QMUIAnimation (= 4.2.3)
    - QMUIKit/QMUIComponents/QMUIAppearance (= 4.2.3)
    - QMUIKit/QMUIComponents/QMUIAssetLibrary (= 4.2.3)
    - QMUIKit/QMUIComponents/QMUIBadge (= 4.2.3)
    - QMUIKit/QMUIComponents/QMUIButton (= 4.2.3)
    - QMUIKit/QMUIComponents/QMUICAAnimationExtension (= 4.2.3)
    - QMUIKit/QMUIComponents/QMUICALayerExtension (= 4.2.3)
    - QMUIKit/QMUIComponents/QMUICellHeightCache (= 4.2.3)
    - QMUIKit/QMUIComponents/QMUICellHeightKeyCache (= 4.2.3)
    - QMUIKit/QMUIComponents/QMUICellSizeKeyCache (= 4.2.3)
    - QMUIKit/QMUIComponents/QMUICollectionViewPagingLayout (= 4.2.3)
    - QMUIKit/QMUIComponents/QMUIConsole (= 4.2.3)
    - QMUIKit/QMUIComponents/QMUIDialogViewController (= 4.2.3)
    - QMUIKit/QMUIComponents/QMUIEmotionInputManager (= 4.2.3)
    - QMUIKit/QMUIComponents/QMUIEmotionView (= 4.2.3)
    - QMUIKit/QMUIComponents/QMUIEmptyView (= 4.2.3)
    - QMUIKit/QMUIComponents/QMUIFillButton (= 4.2.3)
    - QMUIKit/QMUIComponents/QMUIFloatLayoutView (= 4.2.3)
    - QMUIKit/QMUIComponents/QMUIGhostButton (= 4.2.3)
    - QMUIKit/QMUIComponents/QMUIGridView (= 4.2.3)
    - QMUIKit/QMUIComponents/QMUIImagePickerLibrary (= 4.2.3)
    - QMUIKit/QMUIComponents/QMUIImagePreviewView (= 4.2.3)
    - QMUIKit/QMUIComponents/QMUIKeyboardManager (= 4.2.3)
    - QMUIKit/QMUIComponents/QMUILabel (= 4.2.3)
    - QMUIKit/QMUIComponents/QMUILinkButton (= 4.2.3)
    - QMUIKit/QMUIComponents/QMUILogManagerViewController (= 4.2.3)
    - QMUIKit/QMUIComponents/QMUILogWithConfigurationSupported (= 4.2.3)
    - QMUIKit/QMUIComponents/QMUIMarqueeLabel (= 4.2.3)
    - QMUIKit/QMUIComponents/QMUIModalPresentationViewController (= 4.2.3)
    - QMUIKit/QMUIComponents/QMUIMoreOperationController (= 4.2.3)
    - QMUIKit/QMUIComponents/QMUIMultipleDelegates (= 4.2.3)
    - QMUIKit/QMUIComponents/QMUINavigationButton (= 4.2.3)
    - QMUIKit/QMUIComponents/QMUINavigationTitleView (= 4.2.3)
    - QMUIKit/QMUIComponents/QMUIOrderedDictionary (= 4.2.3)
    - QMUIKit/QMUIComponents/QMUIPieProgressView (= 4.2.3)
    - QMUIKit/QMUIComponents/QMUIPopupContainerView (= 4.2.3)
    - QMUIKit/QMUIComponents/QMUIPopupMenuView (= 4.2.3)
    - QMUIKit/QMUIComponents/QMUIScrollAnimator (= 4.2.3)
    - QMUIKit/QMUIComponents/QMUISearchBar (= 4.2.3)
    - QMUIKit/QMUIComponents/QMUISearchController (= 4.2.3)
    - QMUIKit/QMUIComponents/QMUISegmentedControl (= 4.2.3)
    - QMUIKit/QMUIComponents/QMUISlider (= 4.2.3)
    - QMUIKit/QMUIComponents/QMUIStaticTableView (= 4.2.3)
    - QMUIKit/QMUIComponents/QMUITableView (= 4.2.3)
    - QMUIKit/QMUIComponents/QMUITableViewCell (= 4.2.3)
    - QMUIKit/QMUIComponents/QMUITableViewHeaderFooterView (= 4.2.3)
    - QMUIKit/QMUIComponents/QMUITableViewProtocols (= 4.2.3)
    - QMUIKit/QMUIComponents/QMUITestView (= 4.2.3)
    - QMUIKit/QMUIComponents/QMUITextField (= 4.2.3)
    - QMUIKit/QMUIComponents/QMUITextView (= 4.2.3)
    - QMUIKit/QMUIComponents/QMUITheme (= 4.2.3)
    - QMUIKit/QMUIComponents/QMUITips (= 4.2.3)
    - QMUIKit/QMUIComponents/QMUIToastView (= 4.2.3)
    - QMUIKit/QMUIComponents/QMUIToolbarButton (= 4.2.3)
    - QMUIKit/QMUIComponents/QMUIVisualEffectView (= 4.2.3)
    - QMUIKit/QMUIComponents/QMUIWindowSizeMonitor (= 4.2.3)
    - QMUIKit/QMUIComponents/QMUIZoomImageView (= 4.2.3)
    - QMUIKit/QMUICore
  - QMUIKit/QMUIComponents/NavigationBarTransition (4.2.3):
    - QMUIKit/QMUIComponents/QMUINavigationTitleView
    - QMUIKit/QMUICore
    - QMUIKit/QMUIMainFrame
  - QMUIKit/QMUIComponents/QMUIAlertController (4.2.3):
    - QMUIKit/QMUIComponents/QMUIAppearance
    - QMUIKit/QMUIComponents/QMUIButton
    - QMUIKit/QMUIComponents/QMUIKeyboardManager
    - QMUIKit/QMUIComponents/QMUIModalPresentationViewController
    - QMUIKit/QMUIComponents/QMUITextField
    - QMUIKit/QMUICore
  - QMUIKit/QMUIComponents/QMUIAnimation (4.2.3):
    - QMUIKit/QMUICore
  - QMUIKit/QMUIComponents/QMUIAppearance (4.2.3):
    - QMUIKit/QMUICore
  - QMUIKit/QMUIComponents/QMUIAssetLibrary (4.2.3):
    - QMUIKit/QMUICore
  - QMUIKit/QMUIComponents/QMUIBadge (4.2.3):
    - QMUIKit/QMUIComponents/QMUILabel
    - QMUIKit/QMUICore
  - QMUIKit/QMUIComponents/QMUIButton (4.2.3):
    - QMUIKit/QMUICore
  - QMUIKit/QMUIComponents/QMUICAAnimationExtension (4.2.3):
    - QMUIKit/QMUIComponents/QMUIMultipleDelegates
    - QMUIKit/QMUICore
  - QMUIKit/QMUIComponents/QMUICALayerExtension (4.2.3):
    - QMUIKit/QMUIComponents/QMUIMultipleDelegates
    - QMUIKit/QMUICore
  - QMUIKit/QMUIComponents/QMUICellHeightCache (4.2.3):
    - QMUIKit/QMUIComponents/QMUITableViewProtocols
    - QMUIKit/QMUICore
  - QMUIKit/QMUIComponents/QMUICellHeightKeyCache (4.2.3):
    - QMUIKit/QMUIComponents/QMUIMultipleDelegates
    - QMUIKit/QMUIComponents/QMUITableViewProtocols
    - QMUIKit/QMUICore
  - QMUIKit/QMUIComponents/QMUICellSizeKeyCache (4.2.3):
    - QMUIKit/QMUIComponents/QMUIMultipleDelegates
    - QMUIKit/QMUICore
  - QMUIKit/QMUIComponents/QMUICollectionViewPagingLayout (4.2.3):
    - QMUIKit/QMUICore
  - QMUIKit/QMUIComponents/QMUIConsole (4.2.3):
    - QMUIKit/QMUIComponents/QMUIButton
    - QMUIKit/QMUIComponents/QMUICAAnimationExtension
    - QMUIKit/QMUIComponents/QMUICellHeightKeyCache
    - QMUIKit/QMUIComponents/QMUIPopupMenuView
    - QMUIKit/QMUIComponents/QMUITableView
    - QMUIKit/QMUIComponents/QMUITableViewCell
    - QMUIKit/QMUIComponents/QMUITextField
    - QMUIKit/QMUIComponents/QMUITextView
    - QMUIKit/QMUICore
    - QMUIKit/QMUIResources
  - QMUIKit/QMUIComponents/QMUIDialogViewController (4.2.3):
    - QMUIKit/QMUIComponents/QMUIAppearance
    - QMUIKit/QMUIComponents/QMUIButton
    - QMUIKit/QMUIComponents/QMUILabel
    - QMUIKit/QMUIComponents/QMUIModalPresentationViewController
    - QMUIKit/QMUIComponents/QMUINavigationTitleView
    - QMUIKit/QMUIComponents/QMUITableView
    - QMUIKit/QMUIComponents/QMUITableViewCell
    - QMUIKit/QMUIComponents/QMUITextField
    - QMUIKit/QMUICore
    - QMUIKit/QMUIMainFrame
  - QMUIKit/QMUIComponents/QMUIEmotionInputManager (4.2.3):
    - QMUIKit/QMUIComponents/QMUIEmotionView
    - QMUIKit/QMUICore
  - QMUIKit/QMUIComponents/QMUIEmotionView (4.2.3):
    - QMUIKit/QMUIComponents/QMUIButton
    - QMUIKit/QMUICore
    - QMUIKit/QMUIResources
  - QMUIKit/QMUIComponents/QMUIEmptyView (4.2.3):
    - QMUIKit/QMUIComponents/QMUIAppearance
    - QMUIKit/QMUIComponents/QMUIButton
    - QMUIKit/QMUICore
  - QMUIKit/QMUIComponents/QMUIFillButton (4.2.3):
    - QMUIKit/QMUIComponents/QMUIButton
    - QMUIKit/QMUICore
  - QMUIKit/QMUIComponents/QMUIFloatLayoutView (4.2.3):
    - QMUIKit/QMUICore
  - QMUIKit/QMUIComponents/QMUIGhostButton (4.2.3):
    - QMUIKit/QMUIComponents/QMUIButton
    - QMUIKit/QMUICore
  - QMUIKit/QMUIComponents/QMUIGridView (4.2.3):
    - QMUIKit/QMUICore
  - QMUIKit/QMUIComponents/QMUIImagePickerLibrary (4.2.3):
    - QMUIKit/QMUIComponents/QMUIAlertController
    - QMUIKit/QMUIComponents/QMUIAppearance
    - QMUIKit/QMUIComponents/QMUIAssetLibrary
    - QMUIKit/QMUIComponents/QMUIButton
    - QMUIKit/QMUIComponents/QMUIEmptyView
    - QMUIKit/QMUIComponents/QMUIImagePreviewView
    - QMUIKit/QMUIComponents/QMUINavigationButton
    - QMUIKit/QMUIComponents/QMUITableViewCell
    - QMUIKit/QMUIComponents/QMUIZoomImageView
    - QMUIKit/QMUICore
    - QMUIKit/QMUIMainFrame
    - QMUIKit/QMUIResources
  - QMUIKit/QMUIComponents/QMUIImagePreviewView (4.2.3):
    - QMUIKit/QMUIComponents/QMUIAppearance
    - QMUIKit/QMUIComponents/QMUIButton
    - QMUIKit/QMUIComponents/QMUICollectionViewPagingLayout
    - QMUIKit/QMUIComponents/QMUIEmptyView
    - QMUIKit/QMUIComponents/QMUIPieProgressView
    - QMUIKit/QMUIComponents/QMUIZoomImageView
    - QMUIKit/QMUICore
    - QMUIKit/QMUIMainFrame
  - QMUIKit/QMUIComponents/QMUIKeyboardManager (4.2.3):
    - QMUIKit/QMUIComponents/QMUIAppearance
    - QMUIKit/QMUICore
  - QMUIKit/QMUIComponents/QMUILabel (4.2.3):
    - QMUIKit/QMUICore
  - QMUIKit/QMUIComponents/QMUILinkButton (4.2.3):
    - QMUIKit/QMUIComponents/QMUIButton
    - QMUIKit/QMUICore
  - QMUIKit/QMUIComponents/QMUILogManagerViewController (4.2.3):
    - QMUIKit/QMUIComponents/QMUIPopupMenuView
    - QMUIKit/QMUIComponents/QMUISearchController
    - QMUIKit/QMUIComponents/QMUIStaticTableView
    - QMUIKit/QMUIComponents/QMUITableView
    - QMUIKit/QMUICore
    - QMUIKit/QMUIMainFrame
  - QMUIKit/QMUIComponents/QMUILogWithConfigurationSupported (4.2.3):
    - QMUIKit/QMUICore
  - QMUIKit/QMUIComponents/QMUIMarqueeLabel (4.2.3):
    - QMUIKit/QMUICore
  - QMUIKit/QMUIComponents/QMUIModalPresentationViewController (4.2.3):
    - QMUIKit/QMUIComponents/QMUIAppearance
    - QMUIKit/QMUIComponents/QMUIKeyboardManager
    - QMUIKit/QMUICore
  - QMUIKit/QMUIComponents/QMUIMoreOperationController (4.2.3):
    - QMUIKit/QMUIComponents/QMUIAppearance
    - QMUIKit/QMUIComponents/QMUIButton
    - QMUIKit/QMUIComponents/QMUIModalPresentationViewController
    - QMUIKit/QMUICore
  - QMUIKit/QMUIComponents/QMUIMultipleDelegates (4.2.3):
    - QMUIKit/QMUICore
  - QMUIKit/QMUIComponents/QMUINavigationButton (4.2.3):
    - QMUIKit/QMUICore
    - QMUIKit/QMUIMainFrame
  - QMUIKit/QMUIComponents/QMUINavigationTitleView (4.2.3):
    - QMUIKit/QMUIComponents/QMUIAppearance
    - QMUIKit/QMUIComponents/QMUIButton
    - QMUIKit/QMUICore
  - QMUIKit/QMUIComponents/QMUIOrderedDictionary (4.2.3):
    - QMUIKit/QMUICore
  - QMUIKit/QMUIComponents/QMUIPieProgressView (4.2.3):
    - QMUIKit/QMUICore
  - QMUIKit/QMUIComponents/QMUIPopupContainerView (4.2.3):
    - QMUIKit/QMUIComponents/QMUIAppearance
    - QMUIKit/QMUICore
    - QMUIKit/QMUIMainFrame
  - QMUIKit/QMUIComponents/QMUIPopupMenuView (4.2.3):
    - QMUIKit/QMUIComponents/QMUIButton
    - QMUIKit/QMUIComponents/QMUIPopupContainerView
    - QMUIKit/QMUICore
  - QMUIKit/QMUIComponents/QMUIScrollAnimator (4.2.3):
    - QMUIKit/QMUIComponents/QMUIMultipleDelegates
    - QMUIKit/QMUICore
  - QMUIKit/QMUIComponents/QMUISearchBar (4.2.3):
    - QMUIKit/QMUICore
  - QMUIKit/QMUIComponents/QMUISearchController (4.2.3):
    - QMUIKit/QMUIComponents/QMUIEmptyView
    - QMUIKit/QMUIComponents/QMUISearchBar
    - QMUIKit/QMUICore
    - QMUIKit/QMUIMainFrame
  - QMUIKit/QMUIComponents/QMUISegmentedControl (4.2.3):
    - QMUIKit/QMUICore
  - QMUIKit/QMUIComponents/QMUISlider (4.2.3):
    - QMUIKit/QMUICore
  - QMUIKit/QMUIComponents/QMUIStaticTableView (4.2.3):
    - QMUIKit/QMUIComponents/QMUIMultipleDelegates
    - QMUIKit/QMUIComponents/QMUITableViewCell
    - QMUIKit/QMUICore
  - QMUIKit/QMUIComponents/QMUITableView (4.2.3):
    - QMUIKit/QMUIComponents/QMUITableViewProtocols
    - QMUIKit/QMUICore
  - QMUIKit/QMUIComponents/QMUITableViewCell (4.2.3):
    - QMUIKit/QMUIComponents/QMUIButton
    - QMUIKit/QMUICore
  - QMUIKit/QMUIComponents/QMUITableViewHeaderFooterView (4.2.3):
    - QMUIKit/QMUICore
  - QMUIKit/QMUIComponents/QMUITableViewProtocols (4.2.3):
    - QMUIKit/QMUICore
  - QMUIKit/QMUIComponents/QMUITestView (4.2.3):
    - QMUIKit/QMUICore
  - QMUIKit/QMUIComponents/QMUITextField (4.2.3):
    - QMUIKit/QMUIComponents/QMUIMultipleDelegates
    - QMUIKit/QMUICore
  - QMUIKit/QMUIComponents/QMUITextView (4.2.3):
    - QMUIKit/QMUIComponents/QMUILabel
    - QMUIKit/QMUIComponents/QMUIMultipleDelegates
    - QMUIKit/QMUICore
  - QMUIKit/QMUIComponents/QMUITheme (4.2.3):
    - QMUIKit/QMUIComponents/QMUIAlertController
    - QMUIKit/QMUIComponents/QMUIBadge
    - QMUIKit/QMUIComponents/QMUIButton
    - QMUIKit/QMUIComponents/QMUIConsole
    - QMUIKit/QMUIComponents/QMUIEmotionView
    - QMUIKit/QMUIComponents/QMUIEmptyView
    - QMUIKit/QMUIComponents/QMUIFillButton
    - QMUIKit/QMUIComponents/QMUIGhostButton
    - QMUIKit/QMUIComponents/QMUIGridView
    - QMUIKit/QMUIComponents/QMUIImagePickerLibrary
    - QMUIKit/QMUIComponents/QMUIImagePreviewView
    - QMUIKit/QMUIComponents/QMUILabel
    - QMUIKit/QMUIComponents/QMUILinkButton
    - QMUIKit/QMUIComponents/QMUIModalPresentationViewController
    - QMUIKit/QMUIComponents/QMUIPopupContainerView
    - QMUIKit/QMUIComponents/QMUIPopupMenuView
    - QMUIKit/QMUIComponents/QMUISlider
    - QMUIKit/QMUIComponents/QMUITextField
    - QMUIKit/QMUIComponents/QMUITextView
    - QMUIKit/QMUIComponents/QMUIToastView
    - QMUIKit/QMUIComponents/QMUIVisualEffectView
    - QMUIKit/QMUICore
  - QMUIKit/QMUIComponents/QMUITips (4.2.3):
    - QMUIKit/QMUIComponents/QMUIToastView
    - QMUIKit/QMUICore
    - QMUIKit/QMUIResources
  - QMUIKit/QMUIComponents/QMUIToastView (4.2.3):
    - QMUIKit/QMUIComponents/QMUIKeyboardManager
    - QMUIKit/QMUIComponents/QMUIVisualEffectView
    - QMUIKit/QMUICore
  - QMUIKit/QMUIComponents/QMUIToolbarButton (4.2.3):
    - QMUIKit/QMUICore
  - QMUIKit/QMUIComponents/QMUIVisualEffectView (4.2.3):
    - QMUIKit/QMUIComponents/QMUICALayerExtension
    - QMUIKit/QMUICore
  - QMUIKit/QMUIComponents/QMUIWindowSizeMonitor (4.2.3):
    - QMUIKit/QMUICore
  - QMUIKit/QMUIComponents/QMUIZoomImageView (4.2.3):
    - QMUIKit/QMUIComponents/QMUIAssetLibrary
    - QMUIKit/QMUIComponents/QMUIButton
    - QMUIKit/QMUIComponents/QMUIEmptyView
    - QMUIKit/QMUIComponents/QMUIPieProgressView
    - QMUIKit/QMUIComponents/QMUISlider
    - QMUIKit/QMUICore
    - QMUIKit/QMUIResources
  - QMUIKit/QMUICore (4.2.3):
    - QMUIKit/QMUILog
    - QMUIKit/QMUIWeakObjectContainer
  - QMUIKit/QMUILog (4.2.3)
  - QMUIKit/QMUIMainFrame (4.2.3):
    - QMUIKit/QMUIComponents/QMUIEmptyView
    - QMUIKit/QMUIComponents/QMUIKeyboardManager
    - QMUIKit/QMUIComponents/QMUIMultipleDelegates
    - QMUIKit/QMUIComponents/QMUINavigationTitleView
    - QMUIKit/QMUIComponents/QMUITableView
    - QMUIKit/QMUIComponents/QMUITableViewHeaderFooterView
    - QMUIKit/QMUICore
    - QMUIKit/QMUILog
  - QMUIKit/QMUIResources (4.2.3)
  - QMUIKit/QMUIWeakObjectContainer (4.2.3)
  - SDWebImage (5.0.6):
    - SDWebImage/Core (= 5.0.6)
  - SDWebImage/Core (5.0.6)
  - Toast (3.1.0)
  - TYPagerController (2.1.2)
  - TZImagePickerController (3.5.9)
  - YTKNetwork (3.0.6):
    - AFNetworking/NSURLSession (~> 4.0)
  - YYAsyncLayer (1.0)
  - YYCache (1.0.4)
  - YYCategories (1.0.4):
    - YYCategories/no-arc (= 1.0.4)
  - YYCategories/no-arc (1.0.4)
  - YYDispatchQueuePool (1.0)
  - YYImage (1.0.4):
    - YYImage/Core (= 1.0.4)
  - YYImage/Core (1.0.4)
  - YYImage/WebP (1.0.4):
    - YYImage/Core
  - YYKeyboardManager (1.0.1)
  - YYModel (1.0.4)
  - YYText (1.0.7)
  - YYWebImage (1.0.5):
    - YYCache
    - YYImage

DEPENDENCIES:
  - CWLateralSlide
  - DoraemonKit/Core (~> 3.0.4)
  - FWSideMenu
  - LEEAlert
  - Masonry
  - MJRefresh
  - NIMKit/Full
  - QMUIKit
  - Toast
  - TYPagerController
  - YTKNetwork
  - YYAsyncLayer
  - YYCache
  - YYCategories
  - YYDispatchQueuePool
  - YYImage
  - YYKeyboardManager
  - YYModel
  - YYText
  - YYWebImage

SPEC REPOS:
  trunk:
    - AFNetworking
    - CWLateralSlide
    - DoraemonKit
    - FLAnimatedImage
    - FMDB
    - FWSideMenu
    - GCDWebServer
    - LEEAlert
    - M80AttributedLabel
    - Masonry
    - MJRefresh
    - NIMKit
    - NIMSDK
    - QMUIKit
    - SDWebImage
    - Toast
    - TYPagerController
    - TZImagePickerController
    - YTKNetwork
    - YYAsyncLayer
    - YYCache
    - YYCategories
    - YYDispatchQueuePool
    - YYImage
    - YYKeyboardManager
    - YYModel
    - YYText
    - YYWebImage

SPEC CHECKSUMS:
  AFNetworking: 7864c38297c79aaca1500c33288e429c3451fdce
  CWLateralSlide: 8939c8dea91a24e40d0793553118cb57cd67f64b
  DoraemonKit: 32fb97f3aa82efa133111d193080ca5462cef135
  FLAnimatedImage: 8f3e854ebf9680b71f0b6e700939687fc4d82b4b
  FMDB: 2ce00b547f966261cd18927a3ddb07cb6f3db82a
  FWSideMenu: 4e17ab517729e54b4462bb54747d5b0cd68263d8
  GCDWebServer: 2c156a56c8226e2d5c0c3f208a3621ccffbe3ce4
  LEEAlert: 396bddbd3e8c5c735774c374d0c22b4fe3c48882
  M80AttributedLabel: 77fedfe63804c989a6de0fa4d400ea8cad3ab441
  Masonry: 678fab65091a9290e40e2832a55e7ab731aad201
  MJRefresh: 30997d30b347c8e9508a4db11e3a690da0c9b85a
  NIMKit: 5493258207e52ad9dc72c953da8b4492d96eb1ca
  NIMSDK: 0fe61086ab2ae67ba0069411efb8aab4123b0ef7
  QMUIKit: c047f987b14be9f48df47cb934a2d21ccd7ef4b6
  SDWebImage: 920f1a2ff1ca8296ad34f6e0510a1ef1d70ac965
  Toast: 14a93686d6c8bfe2727afd342414e35660a8a1f3
  TYPagerController: 262556ecef99986d26ed77fb1288a198ed42f4af
  TZImagePickerController: 07a2f834f4908689759a7e54f74e9a018e047cb6
  YTKNetwork: c16be90b06be003de9e9cd0d3b187cc8eaf35c04
  YYAsyncLayer: df6b01ebc695c5f6b4c15dd5c23fa3e081eb25c0
  YYCache: 8105b6638f5e849296c71f331ff83891a4942952
  YYCategories: 6bcd4314c6661a561410dce4a793379ebd306abd
  YYDispatchQueuePool: 3dfb2274bcc74207688dde8ac6f7bdd46871dd7b
  YYImage: 1e1b62a9997399593e4b9c4ecfbbabbf1d3f3b54
  YYKeyboardManager: ff53d2e80d1808567a7f004028bd200d9469a89f
  YYModel: 2a7fdd96aaa4b86a824e26d0c517de8928c04b30
  YYText: 5c461d709e24d55a182d1441c41dc639a18a4849
  YYWebImage: 5f7f36aee2ae293f016d418c7d6ba05c4863e928

PODFILE CHECKSUM: 8d18ca90a688349feccd270708bcd1724ff851e5

COCOAPODS: 1.10.2
