PODS:
  - AFNetworking (4.0.1):
    - AFNetworking/NSURLSession (= 4.0.1)
    - AFNetworking/Reachability (= 4.0.1)
    - AFNetworking/Security (= 4.0.1)
    - AFNetworking/Serialization (= 4.0.1)
    - AFNetworking/UIKit (= 4.0.1)
  - AFNetworking/NSURLSession (4.0.1):
    - AFNetworking/Reachability
    - AFNetworking/Security
    - AFNetworking/Serialization
  - AFNetworking/Reachability (4.0.1)
  - AFNetworking/Security (4.0.1)
  - AFNetworking/Serialization (4.0.1)
  - AFNetworking/UIKit (4.0.1):
    - AFNetworking/NSURLSession
  - CWLateralSlide (1.6.5)
  - DoraemonKit/Core (3.1.2):
    - AFNetworking
    - FMDB
    - GCDWebServer
    - GCDWebServer/WebDAV
    - GCDWebServer/WebUploader
  - DoraemonKit/WithGPS (3.1.2):
    - DoraemonKit/Core
  - DoraemonKit/WithLoad (3.1.2):
    - DoraemonKit/Core
  - FMDB (2.7.5):
    - FMDB/standard (= 2.7.5)
  - FMDB/standard (2.7.5)
  - FWSideMenu (2.1.1)
  - GCDWebServer (3.5.4):
    - GCDWebServer/Core (= 3.5.4)
  - GCDWebServer/Core (3.5.4)
  - GCDWebServer/WebDAV (3.5.4):
    - GCDWebServer/Core
  - GCDWebServer/WebUploader (3.5.4):
    - GCDWebServer/Core
  - GKPageScrollView (1.7.3):
    - GKPageScrollView/Objc (= 1.7.3)
  - GKPageScrollView/Objc (1.7.3)
  - GKPageSmoothView (1.7.3):
    - GKPageSmoothView/Objc (= 1.7.3)
  - GKPageSmoothView/Objc (1.7.3)
  - LEEAlert (1.5.2)
  - Masonry (1.1.0)
  - ReactiveObjC (3.1.1)
  - SDWebImage (5.12.5):
    - SDWebImage/Core (= 5.12.5)
  - SDWebImage/Core (5.12.5)
  - SJBaseVideoPlayer (3.6.7):
    - Masonry
    - SJBaseVideoPlayer/AVPlayer (= 3.6.7)
    - SJBaseVideoPlayer/Common (= 3.6.7)
    - SJUIKit/AttributesFactory (>= 0.0.0.38)
    - SJUIKit/ObserverHelper
    - SJUIKit/Queues
    - SJUIKit/SQLite3
  - SJBaseVideoPlayer/AVPlayer (3.6.7):
    - Masonry
    - SJBaseVideoPlayer/Common
    - SJUIKit/AttributesFactory (>= 0.0.0.38)
    - SJUIKit/ObserverHelper
    - SJUIKit/Queues
    - SJUIKit/SQLite3
  - SJBaseVideoPlayer/Common (3.6.7):
    - Masonry
    - SJBaseVideoPlayer/ResourceLoader
    - SJUIKit/AttributesFactory (>= 0.0.0.38)
    - SJUIKit/ObserverHelper
    - SJUIKit/Queues
    - SJUIKit/SQLite3
  - SJBaseVideoPlayer/ResourceLoader (3.6.7):
    - Masonry
    - SJUIKit/AttributesFactory (>= 0.0.0.38)
    - SJUIKit/ObserverHelper
    - SJUIKit/Queues
    - SJUIKit/SQLite3
  - SJUIKit/AttributesFactory (0.0.0.58):
    - SJUIKit/AttributesFactory/Deprecated (= 0.0.0.58)
    - SJUIKit/AttributesFactory/UIKitText (= 0.0.0.58)
  - SJUIKit/AttributesFactory/Deprecated (0.0.0.58)
  - SJUIKit/AttributesFactory/UIKitText (0.0.0.58)
  - SJUIKit/ObserverHelper (0.0.0.58)
  - SJUIKit/Queues (0.0.0.58)
  - SJUIKit/SQLite3 (0.0.0.58):
    - SJUIKit/SQLite3/Core (= 0.0.0.58)
    - SJUIKit/SQLite3/Protocol (= 0.0.0.58)
    - YYModel
  - SJUIKit/SQLite3/Core (0.0.0.58):
    - SJUIKit/SQLite3/Protocol
    - YYModel
  - SJUIKit/SQLite3/Protocol (0.0.0.58):
    - YYModel
  - SJVideoPlayer (3.3.3):
    - SJBaseVideoPlayer (>= 3.6.0)
    - SJVideoPlayer/Common (= 3.3.3)
    - SJVideoPlayer/ControlLayers (= 3.3.3)
    - SJVideoPlayer/ResourceLoader (= 3.3.3)
  - SJVideoPlayer/Common (3.3.3):
    - Masonry
    - SJBaseVideoPlayer (>= 3.6.0)
    - SJUIKit/AttributesFactory
    - SJVideoPlayer/ResourceLoader
  - SJVideoPlayer/ControlLayers (3.3.3):
    - SJBaseVideoPlayer (>= 3.6.0)
    - SJVideoPlayer/Common
  - SJVideoPlayer/ResourceLoader (3.3.3):
    - SJBaseVideoPlayer (>= 3.6.0)
  - SQLiteRepairKit (1.2.2):
    - WCDBOptimizedSQLCipher (~> 1.2.0)
  - Toast (4.0.0)
  - TYPagerController (2.1.2)
  - WCDB (1.0.7.5):
    - SQLiteRepairKit (~> 1.2.0)
    - WCDBOptimizedSQLCipher (~> 1.2.0)
  - WCDBOptimizedSQLCipher (1.2.1)
  - YTKNetwork (3.0.6):
    - AFNetworking/NSURLSession (~> 4.0)
  - YYAsyncLayer (1.0.1)
  - YYCache (1.0.4)
  - YYCategories (1.0.4):
    - YYCategories/no-arc (= 1.0.4)
  - YYCategories/no-arc (1.0.4)
  - YYDispatchQueuePool (1.0)
  - YYImage (1.0.4):
    - YYImage/Core (= 1.0.4)
  - YYImage/Core (1.0.4)
  - YYKeyboardManager (1.0.1)
  - YYModel (1.0.4)
  - YYText (1.0.7)
  - YYWebImage (1.0.5):
    - YYCache
    - YYImage

DEPENDENCIES:
  - CWLateralSlide
  - DoraemonKit/Core (~> 3.1.0)
  - DoraemonKit/WithGPS (~> 3.1.0)
  - DoraemonKit/WithLoad (~> 3.1.0)
  - FMDB
  - FWSideMenu
  - GKPageScrollView
  - GKPageSmoothView
  - LEEAlert
  - Masonry
  - ReactiveObjC (from `./read_pods/ReactiveObjC`)
  - SDWebImage
  - SJVideoPlayer
  - Toast
  - TYPagerController
  - WCDB
  - YTKNetwork
  - YYAsyncLayer (from `./read_pods/YYAsyncLayer`)
  - YYCache (from `./read_pods/YYCache`)
  - YYCategories (from `./read_pods/YYCategories`)
  - YYDispatchQueuePool (from `./read_pods/YYDispatchQueuePool`)
  - YYImage (from `./read_pods/YYImage`)
  - YYKeyboardManager (from `./read_pods/YYKeyboardManager`)
  - YYModel (from `./read_pods/YYModel`)
  - YYText (from `./read_pods/YYText`)
  - YYWebImage (from `./read_pods/YYWebImage`)

SPEC REPOS:
  trunk:
    - AFNetworking
    - CWLateralSlide
    - DoraemonKit
    - FMDB
    - FWSideMenu
    - GCDWebServer
    - GKPageScrollView
    - GKPageSmoothView
    - LEEAlert
    - Masonry
    - SDWebImage
    - SJBaseVideoPlayer
    - SJUIKit
    - SJVideoPlayer
    - SQLiteRepairKit
    - Toast
    - TYPagerController
    - WCDB
    - WCDBOptimizedSQLCipher
    - YTKNetwork

EXTERNAL SOURCES:
  ReactiveObjC:
    :path: "./read_pods/ReactiveObjC"
  YYAsyncLayer:
    :path: "./read_pods/YYAsyncLayer"
  YYCache:
    :path: "./read_pods/YYCache"
  YYCategories:
    :path: "./read_pods/YYCategories"
  YYDispatchQueuePool:
    :path: "./read_pods/YYDispatchQueuePool"
  YYImage:
    :path: "./read_pods/YYImage"
  YYKeyboardManager:
    :path: "./read_pods/YYKeyboardManager"
  YYModel:
    :path: "./read_pods/YYModel"
  YYText:
    :path: "./read_pods/YYText"
  YYWebImage:
    :path: "./read_pods/YYWebImage"

SPEC CHECKSUMS:
  AFNetworking: 7864c38297c79aaca1500c33288e429c3451fdce
  CWLateralSlide: 8939c8dea91a24e40d0793553118cb57cd67f64b
  DoraemonKit: 0a040ae24386654e2a2d2c8d029f5ff5837de3c3
  FMDB: 2ce00b547f966261cd18927a3ddb07cb6f3db82a
  FWSideMenu: 4e17ab517729e54b4462bb54747d5b0cd68263d8
  GCDWebServer: 2c156a56c8226e2d5c0c3f208a3621ccffbe3ce4
  GKPageScrollView: 0a10ced19d79221fecaac2a3c609665b601b6593
  GKPageSmoothView: ed26b0390891c3120d00e90f69151cea16f705aa
  LEEAlert: 7b37640c01d8ba582b45c423ca475329c935e1db
  Masonry: 678fab65091a9290e40e2832a55e7ab731aad201
  ReactiveObjC: 011caa393aa0383245f2dcf9bf02e86b80b36040
  SDWebImage: 0905f1b7760fc8ac4198cae0036600d67478751e
  SJBaseVideoPlayer: 52ab45c54521c9988cb5a4d9abad444152248800
  SJUIKit: 86d5b16f8b8b17274ef8805acf965e4014629e15
  SJVideoPlayer: bc8aa86a2922dc7416822f88bdb39d6baf4d9bd5
  SQLiteRepairKit: 35aaae5a8838adb85f5b1eb4d796055be6060a4b
  Toast: 91b396c56ee72a5790816f40d3a94dd357abc196
  TYPagerController: 262556ecef99986d26ed77fb1288a198ed42f4af
  WCDB: 8e90babdeb7784c569353a4bd22a66c0a175a882
  WCDBOptimizedSQLCipher: baf44493b0c7a3d49e97bc5b64a3856f6428ddd1
  YTKNetwork: c16be90b06be003de9e9cd0d3b187cc8eaf35c04
  YYAsyncLayer: 8dc02fe6f93c3927a8d30e23129c03b74ec7ba04
  YYCache: 8105b6638f5e849296c71f331ff83891a4942952
  YYCategories: 6bcd4314c6661a561410dce4a793379ebd306abd
  YYDispatchQueuePool: 3dfb2274bcc74207688dde8ac6f7bdd46871dd7b
  YYImage: 6db68da66f20d9f169ceb94dfb9947c3867b9665
  YYKeyboardManager: ff53d2e80d1808567a7f004028bd200d9469a89f
  YYModel: 2a7fdd96aaa4b86a824e26d0c517de8928c04b30
  YYText: 5c461d709e24d55a182d1441c41dc639a18a4849
  YYWebImage: 5f7f36aee2ae293f016d418c7d6ba05c4863e928

PODFILE CHECKSUM: 0f7b1b2fd818aa1cea6470ffaf3c5feaf9275db0

COCOAPODS: 1.10.2
